PODS:
  - AmazonPublisherServicesSDK (4.9.3)
  - ApesterKit (3.3.14):
    - ApesterKit/Content (= 3.3.14)
  - ApesterKit/Content (3.3.14):
    - ApesterKit/Content_Core
    - ApesterKit/ContentAdmob
    - ApesterKit/ContentAmazon
    - ApesterKit/ContentPubmatic
  - ApesterKit/Content_Core (3.3.14):
    - ApesterObjcBridging
  - ApesterKit/ContentAdmob (3.3.14):
    - ApesterKit/Content_Core
    - Google-Mobile-Ads-SDK (~> 11.5)
  - ApesterKit/ContentAmazon (3.3.14):
    - AmazonPublisherServicesSDK (~> 4.9.3)
    - ApesterKit/Content_Core
    - OpenWrapHandlerDFP (= 5.0.0)
  - ApesterKit/ContentPubmatic (3.3.14):
    - ApesterKit/Content_Core
    - OpenWrapSDK (~> 3.5.0)
  - ApesterKit/zHostApp (3.3.14):
    - ApesterKit/Content
    - EzImageLoader
    - XCGLogger (~> 7.0.1)
  - ApesterKit/zUITests (3.3.14):
    - ApesterKit/zHostApp
  - ApesterKit/zUnitTests (3.3.14):
    - ApesterKit/zHostApp
    - Google-Mobile-Ads-SDK (~> 11.5)
    - OpenWrapSDK (~> 3.5.0)
  - ApesterObjcBridging (3.3.14):
    - ApesterObjcBridging/Content (= 3.3.14)
  - ApesterObjcBridging/Content (3.3.14)
  - EzHTTP (3.6.1)
  - EzImageLoader (3.5.1):
    - EzHTTP
  - Google-Mobile-Ads-SDK (11.5.0):
    - GoogleUserMessagingPlatform (>= 1.1)
  - GoogleUserMessagingPlatform (2.4.0)
  - ObjcExceptionBridging (7.1.5):
    - ObjcExceptionBridging/ObjcExceptionBridging (= 7.1.5)
  - ObjcExceptionBridging/ObjcExceptionBridging (7.1.5)
  - OpenWrapHandlerDFP (5.0.0):
    - Google-Mobile-Ads-SDK (>= 11.0.0)
    - OpenWrapSDK (>= 3.5.0)
  - OpenWrapSDK (3.5.1):
    - OpenWrapSDK/OpenWrap (= 3.5.1)
  - OpenWrapSDK/OpenWrap (3.5.1)
  - XCGLogger (7.0.1):
    - XCGLogger/Core (= 7.0.1)
  - XCGLogger/Core (7.0.1):
    - ObjcExceptionBridging

DEPENDENCIES:
  - ApesterKit (from `../`)
  - ApesterKit/zHostApp (from `../`)
  - ApesterKit/zUITests (from `../`)
  - ApesterKit/zUnitTests (from `../`)
  - ApesterObjcBridging (from `../`)

SPEC REPOS:
  trunk:
    - AmazonPublisherServicesSDK
    - EzHTTP
    - EzImageLoader
    - Google-Mobile-Ads-SDK
    - GoogleUserMessagingPlatform
    - ObjcExceptionBridging
    - OpenWrapHandlerDFP
    - OpenWrapSDK
    - XCGLogger

EXTERNAL SOURCES:
  ApesterKit:
    :path: "../"
  ApesterObjcBridging:
    :path: "../"

SPEC CHECKSUMS:
  AmazonPublisherServicesSDK: 637a51454e0d7c37c8cb75628b30129f58908a56
  ApesterKit: 8ac866bc4420b0ceec808cff1f1c2ce86e8da149
  ApesterObjcBridging: 4e2955f819b68f1fef26cd06285df50c9eaec8ad
  EzHTTP: d8f7e50a69bbcd6ae4f9853692d6bc5cf92e598b
  EzImageLoader: a930cbd57aaca0dbc3515ad3ff4639843d8658d9
  Google-Mobile-Ads-SDK: 7db2098033ad3bfcd72a11e7503b49700a93029e
  GoogleUserMessagingPlatform: f131fa7978d2ba88d7426702b057c2cc318e6595
  ObjcExceptionBridging: d3d37d62981bb7f252ecb31b62d7e23a96bbfb8a
  OpenWrapHandlerDFP: f11f51bbbcdd696c946934a7bd2dd5741be23bb7
  OpenWrapSDK: 172012440ed17a1e9f4db5393e4ea2937590723f
  XCGLogger: 1943831ef907df55108b0b18657953f868de973b

PODFILE CHECKSUM: f2946b4d50dcdcba1f1bb5aa73879fedb9086418

COCOAPODS: 1.15.2
