// !$*UTF8*$!
{
	archiveVersion = 1;
	classes = {
	};
	objectVersion = 54;
	objects = {

/* Begin PBXBuildFile section */
		051B6D872B6555E00067120E /* mainViewController.swift in Sources */ = {isa = PBXBuildFile; fileRef = 051B6D862B6555E00067120E /* mainViewController.swift */; };
		051B6D932B6673500067120E /* enums.swift in Sources */ = {isa = PBXBuildFile; fileRef = 051B6D912B6673500067120E /* enums.swift */; };
		051B6D942B6673500067120E /* unitStructs.swift in Sources */ = {isa = PBXBuildFile; fileRef = 051B6D922B6673500067120E /* unitStructs.swift */; };
		051B6D9B2B66741D0067120E /* ScreenArticles.swift in Sources */ = {isa = PBXBuildFile; fileRef = 051B6D9A2B66741D0067120E /* ScreenArticles.swift */; };
		051B6D9F2B6674840067120E /* ScrollViewExtension.swift in Sources */ = {isa = PBXBuildFile; fileRef = 051B6D9E2B6674840067120E /* ScrollViewExtension.swift */; };
		051B6DA42B667CEC0067120E /* FirebaseAnalytics in Frameworks */ = {isa = PBXBuildFile; productRef = 051B6DA32B667CEC0067120E /* FirebaseAnalytics */; };
		051B6DA62B667CEC0067120E /* FirebaseAnalyticsOnDeviceConversion in Frameworks */ = {isa = PBXBuildFile; productRef = 051B6DA52B667CEC0067120E /* FirebaseAnalyticsOnDeviceConversion */; };
		051B6DA82B667CEC0067120E /* FirebaseAnalyticsSwift in Frameworks */ = {isa = PBXBuildFile; productRef = 051B6DA72B667CEC0067120E /* FirebaseAnalyticsSwift */; };
		051B6DAA2B667CEC0067120E /* FirebaseAnalyticsWithoutAdIdSupport in Frameworks */ = {isa = PBXBuildFile; productRef = 051B6DA92B667CEC0067120E /* FirebaseAnalyticsWithoutAdIdSupport */; };
		051B6DAC2B667CEC0067120E /* FirebaseAppCheck in Frameworks */ = {isa = PBXBuildFile; productRef = 051B6DAB2B667CEC0067120E /* FirebaseAppCheck */; };
		051B6DAE2B667CEC0067120E /* FirebaseAppDistribution-Beta in Frameworks */ = {isa = PBXBuildFile; productRef = 051B6DAD2B667CEC0067120E /* FirebaseAppDistribution-Beta */; };
		051B6DB02B667CEC0067120E /* FirebaseAuth in Frameworks */ = {isa = PBXBuildFile; productRef = 051B6DAF2B667CEC0067120E /* FirebaseAuth */; };
		051B6DB22B667CEC0067120E /* FirebaseAuthCombine-Community in Frameworks */ = {isa = PBXBuildFile; productRef = 051B6DB12B667CEC0067120E /* FirebaseAuthCombine-Community */; };
		051B6DB42B667CEC0067120E /* FirebaseCrashlytics in Frameworks */ = {isa = PBXBuildFile; productRef = 051B6DB32B667CEC0067120E /* FirebaseCrashlytics */; };
		051B6DB62B667CEC0067120E /* FirebaseDatabase in Frameworks */ = {isa = PBXBuildFile; productRef = 051B6DB52B667CEC0067120E /* FirebaseDatabase */; };
		051B6DB82B667CEC0067120E /* FirebaseDatabaseSwift in Frameworks */ = {isa = PBXBuildFile; productRef = 051B6DB72B667CEC0067120E /* FirebaseDatabaseSwift */; };
		051B6DBA2B667CEC0067120E /* FirebaseDynamicLinks in Frameworks */ = {isa = PBXBuildFile; productRef = 051B6DB92B667CEC0067120E /* FirebaseDynamicLinks */; };
		051B6DBC2B667CEC0067120E /* FirebaseFirestore in Frameworks */ = {isa = PBXBuildFile; productRef = 051B6DBB2B667CEC0067120E /* FirebaseFirestore */; };
		051B6DBE2B667CEC0067120E /* FirebaseFirestoreCombine-Community in Frameworks */ = {isa = PBXBuildFile; productRef = 051B6DBD2B667CEC0067120E /* FirebaseFirestoreCombine-Community */; };
		051B6DC02B667CEC0067120E /* FirebaseFirestoreSwift in Frameworks */ = {isa = PBXBuildFile; productRef = 051B6DBF2B667CEC0067120E /* FirebaseFirestoreSwift */; };
		051B6DC22B667CEC0067120E /* FirebaseFunctions in Frameworks */ = {isa = PBXBuildFile; productRef = 051B6DC12B667CEC0067120E /* FirebaseFunctions */; };
		051B6DC42B667CEC0067120E /* FirebaseFunctionsCombine-Community in Frameworks */ = {isa = PBXBuildFile; productRef = 051B6DC32B667CEC0067120E /* FirebaseFunctionsCombine-Community */; };
		051B6DC62B667CEC0067120E /* FirebaseInAppMessaging-Beta in Frameworks */ = {isa = PBXBuildFile; productRef = 051B6DC52B667CEC0067120E /* FirebaseInAppMessaging-Beta */; };
		051B6DC82B667CEC0067120E /* FirebaseInAppMessagingSwift-Beta in Frameworks */ = {isa = PBXBuildFile; productRef = 051B6DC72B667CEC0067120E /* FirebaseInAppMessagingSwift-Beta */; };
		051B6DCA2B667CEC0067120E /* FirebaseInstallations in Frameworks */ = {isa = PBXBuildFile; productRef = 051B6DC92B667CEC0067120E /* FirebaseInstallations */; };
		051B6DCC2B667CEC0067120E /* FirebaseMLModelDownloader in Frameworks */ = {isa = PBXBuildFile; productRef = 051B6DCB2B667CEC0067120E /* FirebaseMLModelDownloader */; };
		051B6DCE2B667CEC0067120E /* FirebaseMessaging in Frameworks */ = {isa = PBXBuildFile; productRef = 051B6DCD2B667CEC0067120E /* FirebaseMessaging */; };
		051B6DD02B667CEC0067120E /* FirebasePerformance in Frameworks */ = {isa = PBXBuildFile; productRef = 051B6DCF2B667CEC0067120E /* FirebasePerformance */; };
		051B6DD22B667CEC0067120E /* FirebaseRemoteConfig in Frameworks */ = {isa = PBXBuildFile; productRef = 051B6DD12B667CEC0067120E /* FirebaseRemoteConfig */; };
		051B6DD42B667CEC0067120E /* FirebaseRemoteConfigSwift in Frameworks */ = {isa = PBXBuildFile; productRef = 051B6DD32B667CEC0067120E /* FirebaseRemoteConfigSwift */; };
		051B6DD62B667CEC0067120E /* FirebaseStorage in Frameworks */ = {isa = PBXBuildFile; productRef = 051B6DD52B667CEC0067120E /* FirebaseStorage */; };
		051B6DD82B667CEC0067120E /* FirebaseStorageCombine-Community in Frameworks */ = {isa = PBXBuildFile; productRef = 051B6DD72B667CEC0067120E /* FirebaseStorageCombine-Community */; };
		051B6DDA2B6683B40067120E /* GoogleService-Info.plist in Resources */ = {isa = PBXBuildFile; fileRef = 051B6DD92B6683B40067120E /* GoogleService-Info.plist */; };
		051B6DDC2B66AF1F0067120E /* database.swift in Sources */ = {isa = PBXBuildFile; fileRef = 051B6DDB2B66AF1F0067120E /* database.swift */; };
		051B6DDF2B66AFF50067120E /* userSingletone.swift in Sources */ = {isa = PBXBuildFile; fileRef = 051B6DDE2B66AFF50067120E /* userSingletone.swift */; };
		052076672B69398A008EA5E0 /* FirebaseAnalytics in Frameworks */ = {isa = PBXBuildFile; productRef = 052076662B69398A008EA5E0 /* FirebaseAnalytics */; };
		052076692B69398A008EA5E0 /* FirebaseAnalyticsOnDeviceConversion in Frameworks */ = {isa = PBXBuildFile; productRef = 052076682B69398A008EA5E0 /* FirebaseAnalyticsOnDeviceConversion */; };
		0520766B2B69398A008EA5E0 /* FirebaseAnalyticsSwift in Frameworks */ = {isa = PBXBuildFile; productRef = 0520766A2B69398A008EA5E0 /* FirebaseAnalyticsSwift */; };
		0520766D2B69398A008EA5E0 /* FirebaseAnalyticsWithoutAdIdSupport in Frameworks */ = {isa = PBXBuildFile; productRef = 0520766C2B69398A008EA5E0 /* FirebaseAnalyticsWithoutAdIdSupport */; };
		0520766F2B69398A008EA5E0 /* FirebaseAppCheck in Frameworks */ = {isa = PBXBuildFile; productRef = 0520766E2B69398A008EA5E0 /* FirebaseAppCheck */; };
		05BBFAB22B6BAEDA00B50D2E /* FirebaseAnalytics in Frameworks */ = {isa = PBXBuildFile; productRef = 05BBFAB12B6BAEDA00B50D2E /* FirebaseAnalytics */; };
		05BBFAB42B6BAEDA00B50D2E /* FirebaseAnalyticsOnDeviceConversion in Frameworks */ = {isa = PBXBuildFile; productRef = 05BBFAB32B6BAEDA00B50D2E /* FirebaseAnalyticsOnDeviceConversion */; };
		05BBFAB62B6BAEDA00B50D2E /* FirebaseAnalyticsSwift in Frameworks */ = {isa = PBXBuildFile; productRef = 05BBFAB52B6BAEDA00B50D2E /* FirebaseAnalyticsSwift */; };
		05BBFAB82B6BAEDA00B50D2E /* FirebaseAnalyticsWithoutAdIdSupport in Frameworks */ = {isa = PBXBuildFile; productRef = 05BBFAB72B6BAEDA00B50D2E /* FirebaseAnalyticsWithoutAdIdSupport */; };
		05BBFABA2B6BAEDA00B50D2E /* FirebaseAppCheck in Frameworks */ = {isa = PBXBuildFile; productRef = 05BBFAB92B6BAEDA00B50D2E /* FirebaseAppCheck */; };
		05BBFABC2B6BAEDA00B50D2E /* FirebaseAppDistribution-Beta in Frameworks */ = {isa = PBXBuildFile; productRef = 05BBFABB2B6BAEDA00B50D2E /* FirebaseAppDistribution-Beta */; };
		05BBFABE2B6BAEDA00B50D2E /* FirebaseAuth in Frameworks */ = {isa = PBXBuildFile; productRef = 05BBFABD2B6BAEDA00B50D2E /* FirebaseAuth */; };
		05BBFAC02B6BAEDA00B50D2E /* FirebaseAuthCombine-Community in Frameworks */ = {isa = PBXBuildFile; productRef = 05BBFABF2B6BAEDA00B50D2E /* FirebaseAuthCombine-Community */; };
		05BBFAC22B6BAEDA00B50D2E /* FirebaseCrashlytics in Frameworks */ = {isa = PBXBuildFile; productRef = 05BBFAC12B6BAEDA00B50D2E /* FirebaseCrashlytics */; };
		05BBFAC42B6BAEDA00B50D2E /* FirebaseDatabase in Frameworks */ = {isa = PBXBuildFile; productRef = 05BBFAC32B6BAEDA00B50D2E /* FirebaseDatabase */; };
		05BBFAC62B6BAEDA00B50D2E /* FirebaseDatabaseSwift in Frameworks */ = {isa = PBXBuildFile; productRef = 05BBFAC52B6BAEDA00B50D2E /* FirebaseDatabaseSwift */; };
		05BBFAC82B6BAEDA00B50D2E /* FirebaseDynamicLinks in Frameworks */ = {isa = PBXBuildFile; productRef = 05BBFAC72B6BAEDA00B50D2E /* FirebaseDynamicLinks */; };
		05BBFACA2B6BAEDA00B50D2E /* FirebaseFirestore in Frameworks */ = {isa = PBXBuildFile; productRef = 05BBFAC92B6BAEDA00B50D2E /* FirebaseFirestore */; };
		05BBFACC2B6BAEDA00B50D2E /* FirebaseFirestoreCombine-Community in Frameworks */ = {isa = PBXBuildFile; productRef = 05BBFACB2B6BAEDA00B50D2E /* FirebaseFirestoreCombine-Community */; };
		05BBFACE2B6BAEDA00B50D2E /* FirebaseFirestoreSwift in Frameworks */ = {isa = PBXBuildFile; productRef = 05BBFACD2B6BAEDA00B50D2E /* FirebaseFirestoreSwift */; };
		05BBFAD02B6BAEDA00B50D2E /* FirebaseFunctions in Frameworks */ = {isa = PBXBuildFile; productRef = 05BBFACF2B6BAEDA00B50D2E /* FirebaseFunctions */; };
		05BBFAD22B6BAEDA00B50D2E /* FirebaseFunctionsCombine-Community in Frameworks */ = {isa = PBXBuildFile; productRef = 05BBFAD12B6BAEDA00B50D2E /* FirebaseFunctionsCombine-Community */; };
		05BBFAD42B6BAEDA00B50D2E /* FirebaseInAppMessaging-Beta in Frameworks */ = {isa = PBXBuildFile; productRef = 05BBFAD32B6BAEDA00B50D2E /* FirebaseInAppMessaging-Beta */; };
		05BBFAD62B6BAEDA00B50D2E /* FirebaseInAppMessagingSwift-Beta in Frameworks */ = {isa = PBXBuildFile; productRef = 05BBFAD52B6BAEDA00B50D2E /* FirebaseInAppMessagingSwift-Beta */; };
		05BBFAD82B6BAEDA00B50D2E /* FirebaseInstallations in Frameworks */ = {isa = PBXBuildFile; productRef = 05BBFAD72B6BAEDA00B50D2E /* FirebaseInstallations */; };
		05BBFADA2B6BAEDA00B50D2E /* FirebaseMLModelDownloader in Frameworks */ = {isa = PBXBuildFile; productRef = 05BBFAD92B6BAEDA00B50D2E /* FirebaseMLModelDownloader */; };
		05BBFADC2B6BAEDA00B50D2E /* FirebaseMessaging in Frameworks */ = {isa = PBXBuildFile; productRef = 05BBFADB2B6BAEDA00B50D2E /* FirebaseMessaging */; };
		05BBFADE2B6BAEDA00B50D2E /* FirebasePerformance in Frameworks */ = {isa = PBXBuildFile; productRef = 05BBFADD2B6BAEDA00B50D2E /* FirebasePerformance */; };
		05BBFAE02B6BAEDA00B50D2E /* FirebaseRemoteConfig in Frameworks */ = {isa = PBXBuildFile; productRef = 05BBFADF2B6BAEDA00B50D2E /* FirebaseRemoteConfig */; };
		05BBFAE22B6BAEDA00B50D2E /* FirebaseRemoteConfigSwift in Frameworks */ = {isa = PBXBuildFile; productRef = 05BBFAE12B6BAEDA00B50D2E /* FirebaseRemoteConfigSwift */; };
		05BBFAE42B6BAEDA00B50D2E /* FirebaseStorage in Frameworks */ = {isa = PBXBuildFile; productRef = 05BBFAE32B6BAEDA00B50D2E /* FirebaseStorage */; };
		05BBFAE62B6BAEDA00B50D2E /* FirebaseStorageCombine-Community in Frameworks */ = {isa = PBXBuildFile; productRef = 05BBFAE52B6BAEDA00B50D2E /* FirebaseStorageCombine-Community */; };
		05BBFAE82B6BBCAA00B50D2E /* FirebaseAnalytics in Frameworks */ = {isa = PBXBuildFile; productRef = 05BBFAE72B6BBCAA00B50D2E /* FirebaseAnalytics */; };
		05BBFAEA2B6BBCAA00B50D2E /* FirebaseAnalyticsOnDeviceConversion in Frameworks */ = {isa = PBXBuildFile; productRef = 05BBFAE92B6BBCAA00B50D2E /* FirebaseAnalyticsOnDeviceConversion */; };
		05BBFAEC2B6BBCAA00B50D2E /* FirebaseAnalyticsSwift in Frameworks */ = {isa = PBXBuildFile; productRef = 05BBFAEB2B6BBCAA00B50D2E /* FirebaseAnalyticsSwift */; };
		05BBFAEE2B6BBCAA00B50D2E /* FirebaseAnalyticsWithoutAdIdSupport in Frameworks */ = {isa = PBXBuildFile; productRef = 05BBFAED2B6BBCAA00B50D2E /* FirebaseAnalyticsWithoutAdIdSupport */; };
		05BBFAF02B6BBCAA00B50D2E /* FirebaseAppCheck in Frameworks */ = {isa = PBXBuildFile; productRef = 05BBFAEF2B6BBCAA00B50D2E /* FirebaseAppCheck */; };
		05BBFAF22B6BBCAA00B50D2E /* FirebaseAppDistribution-Beta in Frameworks */ = {isa = PBXBuildFile; productRef = 05BBFAF12B6BBCAA00B50D2E /* FirebaseAppDistribution-Beta */; };
		05BBFAF42B6BBCAA00B50D2E /* FirebaseAuth in Frameworks */ = {isa = PBXBuildFile; productRef = 05BBFAF32B6BBCAA00B50D2E /* FirebaseAuth */; };
		05BBFAF62B6BBCAA00B50D2E /* FirebaseAuthCombine-Community in Frameworks */ = {isa = PBXBuildFile; productRef = 05BBFAF52B6BBCAA00B50D2E /* FirebaseAuthCombine-Community */; };
		05BBFAF82B6BBCAA00B50D2E /* FirebaseCrashlytics in Frameworks */ = {isa = PBXBuildFile; productRef = 05BBFAF72B6BBCAA00B50D2E /* FirebaseCrashlytics */; };
		05BBFAFA2B6BBCAA00B50D2E /* FirebaseDatabase in Frameworks */ = {isa = PBXBuildFile; productRef = 05BBFAF92B6BBCAA00B50D2E /* FirebaseDatabase */; };
		05BBFAFC2B6BBCAA00B50D2E /* FirebaseDatabaseSwift in Frameworks */ = {isa = PBXBuildFile; productRef = 05BBFAFB2B6BBCAA00B50D2E /* FirebaseDatabaseSwift */; };
		05BBFAFE2B6BBCAA00B50D2E /* FirebaseDynamicLinks in Frameworks */ = {isa = PBXBuildFile; productRef = 05BBFAFD2B6BBCAA00B50D2E /* FirebaseDynamicLinks */; };
		05BBFB002B6BBCAA00B50D2E /* FirebaseFirestore in Frameworks */ = {isa = PBXBuildFile; productRef = 05BBFAFF2B6BBCAA00B50D2E /* FirebaseFirestore */; };
		05BBFB022B6BBCAA00B50D2E /* FirebaseFirestoreCombine-Community in Frameworks */ = {isa = PBXBuildFile; productRef = 05BBFB012B6BBCAA00B50D2E /* FirebaseFirestoreCombine-Community */; };
		05BBFB042B6BBCAA00B50D2E /* FirebaseFirestoreSwift in Frameworks */ = {isa = PBXBuildFile; productRef = 05BBFB032B6BBCAA00B50D2E /* FirebaseFirestoreSwift */; };
		05BBFB062B6BBCAA00B50D2E /* FirebaseFunctions in Frameworks */ = {isa = PBXBuildFile; productRef = 05BBFB052B6BBCAA00B50D2E /* FirebaseFunctions */; };
		05BBFB082B6BBCAA00B50D2E /* FirebaseFunctionsCombine-Community in Frameworks */ = {isa = PBXBuildFile; productRef = 05BBFB072B6BBCAA00B50D2E /* FirebaseFunctionsCombine-Community */; };
		05BBFB0A2B6BBCAA00B50D2E /* FirebaseInAppMessaging-Beta in Frameworks */ = {isa = PBXBuildFile; productRef = 05BBFB092B6BBCAA00B50D2E /* FirebaseInAppMessaging-Beta */; };
		05BBFB0C2B6BBCAA00B50D2E /* FirebaseInAppMessagingSwift-Beta in Frameworks */ = {isa = PBXBuildFile; productRef = 05BBFB0B2B6BBCAA00B50D2E /* FirebaseInAppMessagingSwift-Beta */; };
		05BBFB0E2B6BBCAA00B50D2E /* FirebaseInstallations in Frameworks */ = {isa = PBXBuildFile; productRef = 05BBFB0D2B6BBCAA00B50D2E /* FirebaseInstallations */; };
		05BBFB102B6BBCAA00B50D2E /* FirebaseMLModelDownloader in Frameworks */ = {isa = PBXBuildFile; productRef = 05BBFB0F2B6BBCAA00B50D2E /* FirebaseMLModelDownloader */; };
		05BBFB122B6BBCAA00B50D2E /* FirebaseMessaging in Frameworks */ = {isa = PBXBuildFile; productRef = 05BBFB112B6BBCAA00B50D2E /* FirebaseMessaging */; };
		05BBFB142B6BBCAA00B50D2E /* FirebasePerformance in Frameworks */ = {isa = PBXBuildFile; productRef = 05BBFB132B6BBCAA00B50D2E /* FirebasePerformance */; };
		05BBFB162B6BBCAA00B50D2E /* FirebaseRemoteConfig in Frameworks */ = {isa = PBXBuildFile; productRef = 05BBFB152B6BBCAA00B50D2E /* FirebaseRemoteConfig */; };
		05BBFB182B6BBCAA00B50D2E /* FirebaseRemoteConfigSwift in Frameworks */ = {isa = PBXBuildFile; productRef = 05BBFB172B6BBCAA00B50D2E /* FirebaseRemoteConfigSwift */; };
		05BBFB1A2B6BBCAA00B50D2E /* FirebaseStorage in Frameworks */ = {isa = PBXBuildFile; productRef = 05BBFB192B6BBCAA00B50D2E /* FirebaseStorage */; };
		05BBFB1C2B6BBCAA00B50D2E /* FirebaseStorageCombine-Community in Frameworks */ = {isa = PBXBuildFile; productRef = 05BBFB1B2B6BBCAA00B50D2E /* FirebaseStorageCombine-Community */; };
		33501521D0158F958C420DB0 /* Pods_Apester.framework in Frameworks */ = {isa = PBXBuildFile; fileRef = 5621325BCD694EA3DAD1A6FC /* Pods_Apester.framework */; };
		5D4C7A95299E38EE00C1FC01 /* DemoThreadMutex.swift in Sources */ = {isa = PBXBuildFile; fileRef = 5D4C7A93299E38EE00C1FC01 /* DemoThreadMutex.swift */; };
		5D4C7A96299E38EE00C1FC01 /* DemoLogWriter.swift in Sources */ = {isa = PBXBuildFile; fileRef = 5D4C7A94299E38EE00C1FC01 /* DemoLogWriter.swift */; };
		5D4C7AA0299E394600C1FC01 /* StripConfigurationsFactory.swift in Sources */ = {isa = PBXBuildFile; fileRef = 5D4C7A9C299E394600C1FC01 /* StripConfigurationsFactory.swift */; };
		5D4C7AA1299E394600C1FC01 /* APEMultipleStripsViewController.swift in Sources */ = {isa = PBXBuildFile; fileRef = 5D4C7A9D299E394600C1FC01 /* APEMultipleStripsViewController.swift */; };
		5D4C7AA2299E394600C1FC01 /* APESingleStripViewController.m in Sources */ = {isa = PBXBuildFile; fileRef = 5D4C7A9F299E394600C1FC01 /* APESingleStripViewController.m */; };
		5D4C7AA8299E395A00C1FC01 /* APESingleUnitViewController.m in Sources */ = {isa = PBXBuildFile; fileRef = 5D4C7AA3299E395A00C1FC01 /* APESingleUnitViewController.m */; };
		5D4C7AA9299E395A00C1FC01 /* APEMultipleUnitsViewController.swift in Sources */ = {isa = PBXBuildFile; fileRef = 5D4C7AA4299E395A00C1FC01 /* APEMultipleUnitsViewController.swift */; };
		5D4C7AAA299E395A00C1FC01 /* APEUnitViewController.swift in Sources */ = {isa = PBXBuildFile; fileRef = 5D4C7AA5299E395A00C1FC01 /* APEUnitViewController.swift */; };
		5D4C7AAB299E395A00C1FC01 /* UnitConfigurationFactory.swift in Sources */ = {isa = PBXBuildFile; fileRef = 5D4C7AA7299E395A00C1FC01 /* UnitConfigurationFactory.swift */; };
		5D4C7AAD299E396200C1FC01 /* APECollectionViewCell.swift in Sources */ = {isa = PBXBuildFile; fileRef = 5D4C7AAC299E396200C1FC01 /* APECollectionViewCell.swift */; };
		607FACD61AFB9204008FA782 /* AppDelegate.swift in Sources */ = {isa = PBXBuildFile; fileRef = 607FACD51AFB9204008FA782 /* AppDelegate.swift */; };
		607FACDB1AFB9204008FA782 /* Main.storyboard in Resources */ = {isa = PBXBuildFile; fileRef = 607FACD91AFB9204008FA782 /* Main.storyboard */; };
		607FACDD1AFB9204008FA782 /* Images.xcassets in Resources */ = {isa = PBXBuildFile; fileRef = 607FACDC1AFB9204008FA782 /* Images.xcassets */; };
		607FACE01AFB9204008FA782 /* LaunchScreen.xib in Resources */ = {isa = PBXBuildFile; fileRef = 607FACDE1AFB9204008FA782 /* LaunchScreen.xib */; };
/* End PBXBuildFile section */

/* Begin PBXFileReference section */
		051B6D862B6555E00067120E /* mainViewController.swift */ = {isa = PBXFileReference; lastKnownFileType = sourcecode.swift; path = mainViewController.swift; sourceTree = "<group>"; };
		051B6D912B6673500067120E /* enums.swift */ = {isa = PBXFileReference; fileEncoding = 4; lastKnownFileType = sourcecode.swift; name = enums.swift; path = "ApesterKit/structs-old/enums.swift"; sourceTree = SOURCE_ROOT; };
		051B6D922B6673500067120E /* unitStructs.swift */ = {isa = PBXFileReference; fileEncoding = 4; lastKnownFileType = sourcecode.swift; name = unitStructs.swift; path = "ApesterKit/structs-old/unitStructs.swift"; sourceTree = SOURCE_ROOT; };
		051B6D9A2B66741D0067120E /* ScreenArticles.swift */ = {isa = PBXFileReference; lastKnownFileType = sourcecode.swift; path = ScreenArticles.swift; sourceTree = "<group>"; };
		051B6D9E2B6674840067120E /* ScrollViewExtension.swift */ = {isa = PBXFileReference; lastKnownFileType = sourcecode.swift; path = ScrollViewExtension.swift; sourceTree = "<group>"; };
		051B6DD92B6683B40067120E /* GoogleService-Info.plist */ = {isa = PBXFileReference; fileEncoding = 4; lastKnownFileType = text.plist.xml; path = "GoogleService-Info.plist"; sourceTree = "<group>"; };
		051B6DDB2B66AF1F0067120E /* database.swift */ = {isa = PBXFileReference; lastKnownFileType = sourcecode.swift; path = database.swift; sourceTree = "<group>"; };
		051B6DDE2B66AFF50067120E /* userSingletone.swift */ = {isa = PBXFileReference; lastKnownFileType = sourcecode.swift; path = userSingletone.swift; sourceTree = "<group>"; };
		2FBBC54C9A6D32198A51174B /* Pods-Apester.debug.xcconfig */ = {isa = PBXFileReference; includeInIndex = 1; lastKnownFileType = text.xcconfig; name = "Pods-Apester.debug.xcconfig"; path = "Target Support Files/Pods-Apester/Pods-Apester.debug.xcconfig"; sourceTree = "<group>"; };
		5621325BCD694EA3DAD1A6FC /* Pods_Apester.framework */ = {isa = PBXFileReference; explicitFileType = wrapper.framework; includeInIndex = 0; path = Pods_Apester.framework; sourceTree = BUILT_PRODUCTS_DIR; };
		58DDA11B4BFC64BBED2F19AC /* Pods-ApesterKit_Example.release.xcconfig */ = {isa = PBXFileReference; includeInIndex = 1; lastKnownFileType = text.xcconfig; name = "Pods-ApesterKit_Example.release.xcconfig"; path = "Target Support Files/Pods-ApesterKit_Example/Pods-ApesterKit_Example.release.xcconfig"; sourceTree = "<group>"; };
		5D4C7A93299E38EE00C1FC01 /* DemoThreadMutex.swift */ = {isa = PBXFileReference; fileEncoding = 4; lastKnownFileType = sourcecode.swift; path = DemoThreadMutex.swift; sourceTree = "<group>"; };
		5D4C7A94299E38EE00C1FC01 /* DemoLogWriter.swift */ = {isa = PBXFileReference; fileEncoding = 4; lastKnownFileType = sourcecode.swift; path = DemoLogWriter.swift; sourceTree = "<group>"; };
		5D4C7A9B299E394500C1FC01 /* ApesterKit_Example-Bridging-Header.h */ = {isa = PBXFileReference; lastKnownFileType = sourcecode.c.h; path = "ApesterKit_Example-Bridging-Header.h"; sourceTree = "<group>"; };
		5D4C7A9C299E394600C1FC01 /* StripConfigurationsFactory.swift */ = {isa = PBXFileReference; fileEncoding = 4; lastKnownFileType = sourcecode.swift; path = StripConfigurationsFactory.swift; sourceTree = "<group>"; };
		5D4C7A9D299E394600C1FC01 /* APEMultipleStripsViewController.swift */ = {isa = PBXFileReference; fileEncoding = 4; lastKnownFileType = sourcecode.swift; path = APEMultipleStripsViewController.swift; sourceTree = "<group>"; };
		5D4C7A9E299E394600C1FC01 /* APESingleStripViewController.h */ = {isa = PBXFileReference; fileEncoding = 4; lastKnownFileType = sourcecode.c.h; path = APESingleStripViewController.h; sourceTree = "<group>"; };
		5D4C7A9F299E394600C1FC01 /* APESingleStripViewController.m */ = {isa = PBXFileReference; fileEncoding = 4; lastKnownFileType = sourcecode.c.objc; path = APESingleStripViewController.m; sourceTree = "<group>"; };
		5D4C7AA3299E395A00C1FC01 /* APESingleUnitViewController.m */ = {isa = PBXFileReference; fileEncoding = 4; lastKnownFileType = sourcecode.c.objc; path = APESingleUnitViewController.m; sourceTree = "<group>"; };
		5D4C7AA4299E395A00C1FC01 /* APEMultipleUnitsViewController.swift */ = {isa = PBXFileReference; fileEncoding = 4; lastKnownFileType = sourcecode.swift; path = APEMultipleUnitsViewController.swift; sourceTree = "<group>"; };
		5D4C7AA5299E395A00C1FC01 /* APEUnitViewController.swift */ = {isa = PBXFileReference; fileEncoding = 4; lastKnownFileType = sourcecode.swift; path = APEUnitViewController.swift; sourceTree = "<group>"; };
		5D4C7AA6299E395A00C1FC01 /* APESingleUnitViewController.h */ = {isa = PBXFileReference; fileEncoding = 4; lastKnownFileType = sourcecode.c.h; path = APESingleUnitViewController.h; sourceTree = "<group>"; };
		5D4C7AA7299E395A00C1FC01 /* UnitConfigurationFactory.swift */ = {isa = PBXFileReference; fileEncoding = 4; lastKnownFileType = sourcecode.swift; path = UnitConfigurationFactory.swift; sourceTree = "<group>"; };
		5D4C7AAC299E396200C1FC01 /* APECollectionViewCell.swift */ = {isa = PBXFileReference; fileEncoding = 4; lastKnownFileType = sourcecode.swift; path = APECollectionViewCell.swift; sourceTree = "<group>"; };
		5DBE88D529D32BAD009B2369 /* ApesterObjcBridging.podspec */ = {isa = PBXFileReference; explicitFileType = text.script.ruby; name = ApesterObjcBridging.podspec; path = ../ApesterObjcBridging.podspec; sourceTree = "<group>"; };
		607FACD01AFB9204008FA782 /* Apester.app */ = {isa = PBXFileReference; explicitFileType = wrapper.application; includeInIndex = 0; path = Apester.app; sourceTree = BUILT_PRODUCTS_DIR; };
		607FACD41AFB9204008FA782 /* Info.plist */ = {isa = PBXFileReference; lastKnownFileType = text.plist.xml; path = Info.plist; sourceTree = "<group>"; };
		607FACD51AFB9204008FA782 /* AppDelegate.swift */ = {isa = PBXFileReference; lastKnownFileType = sourcecode.swift; path = AppDelegate.swift; sourceTree = "<group>"; };
		607FACDA1AFB9204008FA782 /* Base */ = {isa = PBXFileReference; lastKnownFileType = file.storyboard; name = Base; path = Base.lproj/Main.storyboard; sourceTree = "<group>"; };
		607FACDC1AFB9204008FA782 /* Images.xcassets */ = {isa = PBXFileReference; lastKnownFileType = folder.assetcatalog; path = Images.xcassets; sourceTree = "<group>"; };
		607FACDF1AFB9204008FA782 /* Base */ = {isa = PBXFileReference; lastKnownFileType = file.xib; name = Base; path = Base.lproj/LaunchScreen.xib; sourceTree = "<group>"; };
		60C7ECC25F81007A08831296 /* ApesterKit.podspec */ = {isa = PBXFileReference; explicitFileType = text.script.ruby; includeInIndex = 1; name = ApesterKit.podspec; path = ../ApesterKit.podspec; sourceTree = "<group>"; xcLanguageSpecificationIdentifier = xcode.lang.ruby; };
		8CE5FD2F402F203FBA490B3C /* README.md */ = {isa = PBXFileReference; includeInIndex = 1; lastKnownFileType = net.daringfireball.markdown; name = README.md; path = ../README.md; sourceTree = "<group>"; };
		8F95188B16BC80A05A147E51 /* Pods-ApesterKit_Example.debug.xcconfig */ = {isa = PBXFileReference; includeInIndex = 1; lastKnownFileType = text.xcconfig; name = "Pods-ApesterKit_Example.debug.xcconfig"; path = "Target Support Files/Pods-ApesterKit_Example/Pods-ApesterKit_Example.debug.xcconfig"; sourceTree = "<group>"; };
		E168B259146BC15C0A7B680C /* Pods-Apester.release.xcconfig */ = {isa = PBXFileReference; includeInIndex = 1; lastKnownFileType = text.xcconfig; name = "Pods-Apester.release.xcconfig"; path = "Target Support Files/Pods-Apester/Pods-Apester.release.xcconfig"; sourceTree = "<group>"; };
		F629917179A80DF506AA2AB2 /* LICENSE */ = {isa = PBXFileReference; includeInIndex = 1; lastKnownFileType = text; name = LICENSE; path = ../LICENSE; sourceTree = "<group>"; };
/* End PBXFileReference section */

/* Begin PBXFrameworksBuildPhase section */
		607FACCD1AFB9204008FA782 /* Frameworks */ = {
			isa = PBXFrameworksBuildPhase;
			buildActionMask = 2147483647;
			files = (
				05BBFABA2B6BAEDA00B50D2E /* FirebaseAppCheck in Frameworks */,
				05BBFAB62B6BAEDA00B50D2E /* FirebaseAnalyticsSwift in Frameworks */,
				051B6DC22B667CEC0067120E /* FirebaseFunctions in Frameworks */,
				05BBFB162B6BBCAA00B50D2E /* FirebaseRemoteConfig in Frameworks */,
				05BBFAF62B6BBCAA00B50D2E /* FirebaseAuthCombine-Community in Frameworks */,
				05BBFAE82B6BBCAA00B50D2E /* FirebaseAnalytics in Frameworks */,
				05BBFB042B6BBCAA00B50D2E /* FirebaseFirestoreSwift in Frameworks */,
				05BBFAC22B6BAEDA00B50D2E /* FirebaseCrashlytics in Frameworks */,
				05BBFAEA2B6BBCAA00B50D2E /* FirebaseAnalyticsOnDeviceConversion in Frameworks */,
				051B6DB82B667CEC0067120E /* FirebaseDatabaseSwift in Frameworks */,
				05BBFAD42B6BAEDA00B50D2E /* FirebaseInAppMessaging-Beta in Frameworks */,
				051B6DC82B667CEC0067120E /* FirebaseInAppMessagingSwift-Beta in Frameworks */,
				051B6DCE2B667CEC0067120E /* FirebaseMessaging in Frameworks */,
				051B6DAE2B667CEC0067120E /* FirebaseAppDistribution-Beta in Frameworks */,
				05BBFAC62B6BAEDA00B50D2E /* FirebaseDatabaseSwift in Frameworks */,
				051B6DB22B667CEC0067120E /* FirebaseAuthCombine-Community in Frameworks */,
				05BBFAB22B6BAEDA00B50D2E /* FirebaseAnalytics in Frameworks */,
				05BBFAC42B6BAEDA00B50D2E /* FirebaseDatabase in Frameworks */,
				0520766B2B69398A008EA5E0 /* FirebaseAnalyticsSwift in Frameworks */,
				05BBFADE2B6BAEDA00B50D2E /* FirebasePerformance in Frameworks */,
				05BBFAF82B6BBCAA00B50D2E /* FirebaseCrashlytics in Frameworks */,
				05BBFAD22B6BAEDA00B50D2E /* FirebaseFunctionsCombine-Community in Frameworks */,
				05BBFAEC2B6BBCAA00B50D2E /* FirebaseAnalyticsSwift in Frameworks */,
				0520766D2B69398A008EA5E0 /* FirebaseAnalyticsWithoutAdIdSupport in Frameworks */,
				05BBFAC82B6BAEDA00B50D2E /* FirebaseDynamicLinks in Frameworks */,
				05BBFB002B6BBCAA00B50D2E /* FirebaseFirestore in Frameworks */,
				05BBFAD02B6BAEDA00B50D2E /* FirebaseFunctions in Frameworks */,
				05BBFAD82B6BAEDA00B50D2E /* FirebaseInstallations in Frameworks */,
				05BBFACA2B6BAEDA00B50D2E /* FirebaseFirestore in Frameworks */,
				051B6DBE2B667CEC0067120E /* FirebaseFirestoreCombine-Community in Frameworks */,
				05BBFAE62B6BAEDA00B50D2E /* FirebaseStorageCombine-Community in Frameworks */,
				05BBFAC02B6BAEDA00B50D2E /* FirebaseAuthCombine-Community in Frameworks */,
				05BBFAE42B6BAEDA00B50D2E /* FirebaseStorage in Frameworks */,
				05BBFB022B6BBCAA00B50D2E /* FirebaseFirestoreCombine-Community in Frameworks */,
				052076692B69398A008EA5E0 /* FirebaseAnalyticsOnDeviceConversion in Frameworks */,
				0520766F2B69398A008EA5E0 /* FirebaseAppCheck in Frameworks */,
				051B6DA82B667CEC0067120E /* FirebaseAnalyticsSwift in Frameworks */,
				05BBFAB82B6BAEDA00B50D2E /* FirebaseAnalyticsWithoutAdIdSupport in Frameworks */,
				051B6DCC2B667CEC0067120E /* FirebaseMLModelDownloader in Frameworks */,
				05BBFACE2B6BAEDA00B50D2E /* FirebaseFirestoreSwift in Frameworks */,
				051B6DAA2B667CEC0067120E /* FirebaseAnalyticsWithoutAdIdSupport in Frameworks */,
				051B6DA42B667CEC0067120E /* FirebaseAnalytics in Frameworks */,
				05BBFAF42B6BBCAA00B50D2E /* FirebaseAuth in Frameworks */,
				05BBFB082B6BBCAA00B50D2E /* FirebaseFunctionsCombine-Community in Frameworks */,
				051B6DC02B667CEC0067120E /* FirebaseFirestoreSwift in Frameworks */,
				05BBFB1A2B6BBCAA00B50D2E /* FirebaseStorage in Frameworks */,
				05BBFAFA2B6BBCAA00B50D2E /* FirebaseDatabase in Frameworks */,
				05BBFB142B6BBCAA00B50D2E /* FirebasePerformance in Frameworks */,
				05BBFAB42B6BAEDA00B50D2E /* FirebaseAnalyticsOnDeviceConversion in Frameworks */,
				051B6DA62B667CEC0067120E /* FirebaseAnalyticsOnDeviceConversion in Frameworks */,
				05BBFB0C2B6BBCAA00B50D2E /* FirebaseInAppMessagingSwift-Beta in Frameworks */,
				05BBFAEE2B6BBCAA00B50D2E /* FirebaseAnalyticsWithoutAdIdSupport in Frameworks */,
				051B6DAC2B667CEC0067120E /* FirebaseAppCheck in Frameworks */,
				051B6DD02B667CEC0067120E /* FirebasePerformance in Frameworks */,
				05BBFB102B6BBCAA00B50D2E /* FirebaseMLModelDownloader in Frameworks */,
				05BBFAD62B6BAEDA00B50D2E /* FirebaseInAppMessagingSwift-Beta in Frameworks */,
				051B6DC62B667CEC0067120E /* FirebaseInAppMessaging-Beta in Frameworks */,
				051B6DC42B667CEC0067120E /* FirebaseFunctionsCombine-Community in Frameworks */,
				051B6DB42B667CEC0067120E /* FirebaseCrashlytics in Frameworks */,
				051B6DCA2B667CEC0067120E /* FirebaseInstallations in Frameworks */,
				05BBFACC2B6BAEDA00B50D2E /* FirebaseFirestoreCombine-Community in Frameworks */,
				051B6DD22B667CEC0067120E /* FirebaseRemoteConfig in Frameworks */,
				05BBFADC2B6BAEDA00B50D2E /* FirebaseMessaging in Frameworks */,
				05BBFB0E2B6BBCAA00B50D2E /* FirebaseInstallations in Frameworks */,
				05BBFABC2B6BAEDA00B50D2E /* FirebaseAppDistribution-Beta in Frameworks */,
				051B6DD62B667CEC0067120E /* FirebaseStorage in Frameworks */,
				05BBFAFC2B6BBCAA00B50D2E /* FirebaseDatabaseSwift in Frameworks */,
				05BBFABE2B6BAEDA00B50D2E /* FirebaseAuth in Frameworks */,
				05BBFAF22B6BBCAA00B50D2E /* FirebaseAppDistribution-Beta in Frameworks */,
				05BBFAFE2B6BBCAA00B50D2E /* FirebaseDynamicLinks in Frameworks */,
				05BBFAF02B6BBCAA00B50D2E /* FirebaseAppCheck in Frameworks */,
				05BBFB0A2B6BBCAA00B50D2E /* FirebaseInAppMessaging-Beta in Frameworks */,
				051B6DB62B667CEC0067120E /* FirebaseDatabase in Frameworks */,
				05BBFB122B6BBCAA00B50D2E /* FirebaseMessaging in Frameworks */,
				05BBFAE02B6BAEDA00B50D2E /* FirebaseRemoteConfig in Frameworks */,
				051B6DD82B667CEC0067120E /* FirebaseStorageCombine-Community in Frameworks */,
				05BBFB062B6BBCAA00B50D2E /* FirebaseFunctions in Frameworks */,
				051B6DB02B667CEC0067120E /* FirebaseAuth in Frameworks */,
				05BBFB182B6BBCAA00B50D2E /* FirebaseRemoteConfigSwift in Frameworks */,
				051B6DBA2B667CEC0067120E /* FirebaseDynamicLinks in Frameworks */,
				051B6DBC2B667CEC0067120E /* FirebaseFirestore in Frameworks */,
				05BBFAE22B6BAEDA00B50D2E /* FirebaseRemoteConfigSwift in Frameworks */,
				051B6DD42B667CEC0067120E /* FirebaseRemoteConfigSwift in Frameworks */,
				05BBFADA2B6BAEDA00B50D2E /* FirebaseMLModelDownloader in Frameworks */,
				052076672B69398A008EA5E0 /* FirebaseAnalytics in Frameworks */,
				05BBFB1C2B6BBCAA00B50D2E /* FirebaseStorageCombine-Community in Frameworks */,
				33501521D0158F958C420DB0 /* Pods_Apester.framework in Frameworks */,
			);
			runOnlyForDeploymentPostprocessing = 0;
		};
/* End PBXFrameworksBuildPhase section */

/* Begin PBXGroup section */
		051B6D902B66733D0067120E /* structs */ = {
			isa = PBXGroup;
			children = (
				051B6D912B6673500067120E /* enums.swift */,
				051B6D922B6673500067120E /* unitStructs.swift */,
				051B6DDE2B66AFF50067120E /* userSingletone.swift */,
			);
			path = structs;
			sourceTree = "<group>";
		};
		051B6D992B6673F10067120E /* utils */ = {
			isa = PBXGroup;
			children = (
				051B6D9A2B66741D0067120E /* ScreenArticles.swift */,
				051B6DDB2B66AF1F0067120E /* database.swift */,
			);
			path = utils;
			sourceTree = "<group>";
		};
		051B6D9D2B6674690067120E /* extensions */ = {
			isa = PBXGroup;
			children = (
				051B6D9E2B6674840067120E /* ScrollViewExtension.swift */,
			);
			path = extensions;
			sourceTree = "<group>";
		};
		5D4C7A97299E38F700C1FC01 /* View */ = {
			isa = PBXGroup;
			children = (
				5D4C7AAC299E396200C1FC01 /* APECollectionViewCell.swift */,
			);
			path = View;
			sourceTree = "<group>";
		};
		5D4C7A98299E390C00C1FC01 /* ViewControllers */ = {
			isa = PBXGroup;
			children = (
				5D4C7A9A299E392F00C1FC01 /* Strip */,
				5D4C7A99299E392100C1FC01 /* Unit */,
				051B6D862B6555E00067120E /* mainViewController.swift */,
			);
			path = ViewControllers;
			sourceTree = "<group>";
		};
		5D4C7A99299E392100C1FC01 /* Unit */ = {
			isa = PBXGroup;
			children = (
				5D4C7AA7299E395A00C1FC01 /* UnitConfigurationFactory.swift */,
				5D4C7AA6299E395A00C1FC01 /* APESingleUnitViewController.h */,
				5D4C7AA3299E395A00C1FC01 /* APESingleUnitViewController.m */,
				5D4C7AA4299E395A00C1FC01 /* APEMultipleUnitsViewController.swift */,
				5D4C7AA5299E395A00C1FC01 /* APEUnitViewController.swift */,
			);
			path = Unit;
			sourceTree = "<group>";
		};
		5D4C7A9A299E392F00C1FC01 /* Strip */ = {
			isa = PBXGroup;
			children = (
				5D4C7A9C299E394600C1FC01 /* StripConfigurationsFactory.swift */,
				5D4C7A9E299E394600C1FC01 /* APESingleStripViewController.h */,
				5D4C7A9F299E394600C1FC01 /* APESingleStripViewController.m */,
				5D4C7A9D299E394600C1FC01 /* APEMultipleStripsViewController.swift */,
			);
			path = Strip;
			sourceTree = "<group>";
		};
		607FACC71AFB9204008FA782 = {
			isa = PBXGroup;
			children = (
				607FACF51AFB993E008FA782 /* Podspec Metadata */,
				607FACD21AFB9204008FA782 /* Example for ApesterKit */,
				607FACD11AFB9204008FA782 /* Products */,
				8AB1F7CFFCF59128A4CE8D13 /* Pods */,
				617420D2E5112B1465F75D8C /* Frameworks */,
			);
			sourceTree = "<group>";
		};
		607FACD11AFB9204008FA782 /* Products */ = {
			isa = PBXGroup;
			children = (
				607FACD01AFB9204008FA782 /* Apester.app */,
			);
			name = Products;
			sourceTree = "<group>";
		};
		607FACD21AFB9204008FA782 /* Example for ApesterKit */ = {
			isa = PBXGroup;
			children = (
				051B6D9D2B6674690067120E /* extensions */,
				051B6D992B6673F10067120E /* utils */,
				051B6D902B66733D0067120E /* structs */,
				607FACD51AFB9204008FA782 /* AppDelegate.swift */,
				5D4C7A94299E38EE00C1FC01 /* DemoLogWriter.swift */,
				5D4C7A93299E38EE00C1FC01 /* DemoThreadMutex.swift */,
				5D4C7A97299E38F700C1FC01 /* View */,
				5D4C7A98299E390C00C1FC01 /* ViewControllers */,
				607FACD91AFB9204008FA782 /* Main.storyboard */,
				607FACDC1AFB9204008FA782 /* Images.xcassets */,
				607FACDE1AFB9204008FA782 /* LaunchScreen.xib */,
				607FACD31AFB9204008FA782 /* Supporting Files */,
			);
			name = "Example for ApesterKit";
			path = ApesterKit;
			sourceTree = "<group>";
		};
		607FACD31AFB9204008FA782 /* Supporting Files */ = {
			isa = PBXGroup;
			children = (
				051B6DD92B6683B40067120E /* GoogleService-Info.plist */,
				5D4C7A9B299E394500C1FC01 /* ApesterKit_Example-Bridging-Header.h */,
				607FACD41AFB9204008FA782 /* Info.plist */,
			);
			name = "Supporting Files";
			sourceTree = "<group>";
		};
		607FACF51AFB993E008FA782 /* Podspec Metadata */ = {
			isa = PBXGroup;
			children = (
				60C7ECC25F81007A08831296 /* ApesterKit.podspec */,
				5DBE88D529D32BAD009B2369 /* ApesterObjcBridging.podspec */,
				8CE5FD2F402F203FBA490B3C /* README.md */,
				F629917179A80DF506AA2AB2 /* LICENSE */,
			);
			name = "Podspec Metadata";
			sourceTree = "<group>";
		};
		617420D2E5112B1465F75D8C /* Frameworks */ = {
			isa = PBXGroup;
			children = (
				5621325BCD694EA3DAD1A6FC /* Pods_Apester.framework */,
			);
			name = Frameworks;
			sourceTree = "<group>";
		};
		8AB1F7CFFCF59128A4CE8D13 /* Pods */ = {
			isa = PBXGroup;
			children = (
				8F95188B16BC80A05A147E51 /* Pods-ApesterKit_Example.debug.xcconfig */,
				58DDA11B4BFC64BBED2F19AC /* Pods-ApesterKit_Example.release.xcconfig */,
				2FBBC54C9A6D32198A51174B /* Pods-Apester.debug.xcconfig */,
				E168B259146BC15C0A7B680C /* Pods-Apester.release.xcconfig */,
			);
			path = Pods;
			sourceTree = "<group>";
		};
/* End PBXGroup section */

/* Begin PBXNativeTarget section */
		607FACCF1AFB9204008FA782 /* Apester */ = {
			isa = PBXNativeTarget;
			buildConfigurationList = 607FACEF1AFB9204008FA782 /* Build configuration list for PBXNativeTarget "Apester" */;
			buildPhases = (
				33CC9EB799514080A5DDE183 /* [CP] Check Pods Manifest.lock */,
				607FACCC1AFB9204008FA782 /* Sources */,
				607FACCD1AFB9204008FA782 /* Frameworks */,
				607FACCE1AFB9204008FA782 /* Resources */,
				F1221E6D27A4C5A6E6DCB4F4 /* [CP] Embed Pods Frameworks */,
				592A99C06B6482AC5DE77FC0 /* [CP] Copy Pods Resources */,
			);
			buildRules = (
			);
			dependencies = (
			);
			name = Apester;
			packageProductDependencies = (
				051B6DA32B667CEC0067120E /* FirebaseAnalytics */,
				051B6DA52B667CEC0067120E /* FirebaseAnalyticsOnDeviceConversion */,
				051B6DA72B667CEC0067120E /* FirebaseAnalyticsSwift */,
				051B6DA92B667CEC0067120E /* FirebaseAnalyticsWithoutAdIdSupport */,
				051B6DAB2B667CEC0067120E /* FirebaseAppCheck */,
				051B6DAD2B667CEC0067120E /* FirebaseAppDistribution-Beta */,
				051B6DAF2B667CEC0067120E /* FirebaseAuth */,
				051B6DB12B667CEC0067120E /* FirebaseAuthCombine-Community */,
				051B6DB32B667CEC0067120E /* FirebaseCrashlytics */,
				051B6DB52B667CEC0067120E /* FirebaseDatabase */,
				051B6DB72B667CEC0067120E /* FirebaseDatabaseSwift */,
				051B6DB92B667CEC0067120E /* FirebaseDynamicLinks */,
				051B6DBB2B667CEC0067120E /* FirebaseFirestore */,
				051B6DBD2B667CEC0067120E /* FirebaseFirestoreCombine-Community */,
				051B6DBF2B667CEC0067120E /* FirebaseFirestoreSwift */,
				051B6DC12B667CEC0067120E /* FirebaseFunctions */,
				051B6DC32B667CEC0067120E /* FirebaseFunctionsCombine-Community */,
				051B6DC52B667CEC0067120E /* FirebaseInAppMessaging-Beta */,
				051B6DC72B667CEC0067120E /* FirebaseInAppMessagingSwift-Beta */,
				051B6DC92B667CEC0067120E /* FirebaseInstallations */,
				051B6DCB2B667CEC0067120E /* FirebaseMLModelDownloader */,
				051B6DCD2B667CEC0067120E /* FirebaseMessaging */,
				051B6DCF2B667CEC0067120E /* FirebasePerformance */,
				051B6DD12B667CEC0067120E /* FirebaseRemoteConfig */,
				051B6DD32B667CEC0067120E /* FirebaseRemoteConfigSwift */,
				051B6DD52B667CEC0067120E /* FirebaseStorage */,
				051B6DD72B667CEC0067120E /* FirebaseStorageCombine-Community */,
				052076662B69398A008EA5E0 /* FirebaseAnalytics */,
				052076682B69398A008EA5E0 /* FirebaseAnalyticsOnDeviceConversion */,
				0520766A2B69398A008EA5E0 /* FirebaseAnalyticsSwift */,
				0520766C2B69398A008EA5E0 /* FirebaseAnalyticsWithoutAdIdSupport */,
				0520766E2B69398A008EA5E0 /* FirebaseAppCheck */,
				05BBFAB12B6BAEDA00B50D2E /* FirebaseAnalytics */,
				05BBFAB32B6BAEDA00B50D2E /* FirebaseAnalyticsOnDeviceConversion */,
				05BBFAB52B6BAEDA00B50D2E /* FirebaseAnalyticsSwift */,
				05BBFAB72B6BAEDA00B50D2E /* FirebaseAnalyticsWithoutAdIdSupport */,
				05BBFAB92B6BAEDA00B50D2E /* FirebaseAppCheck */,
				05BBFABB2B6BAEDA00B50D2E /* FirebaseAppDistribution-Beta */,
				05BBFABD2B6BAEDA00B50D2E /* FirebaseAuth */,
				05BBFABF2B6BAEDA00B50D2E /* FirebaseAuthCombine-Community */,
				05BBFAC12B6BAEDA00B50D2E /* FirebaseCrashlytics */,
				05BBFAC32B6BAEDA00B50D2E /* FirebaseDatabase */,
				05BBFAC52B6BAEDA00B50D2E /* FirebaseDatabaseSwift */,
				05BBFAC72B6BAEDA00B50D2E /* FirebaseDynamicLinks */,
				05BBFAC92B6BAEDA00B50D2E /* FirebaseFirestore */,
				05BBFACB2B6BAEDA00B50D2E /* FirebaseFirestoreCombine-Community */,
				05BBFACD2B6BAEDA00B50D2E /* FirebaseFirestoreSwift */,
				05BBFACF2B6BAEDA00B50D2E /* FirebaseFunctions */,
				05BBFAD12B6BAEDA00B50D2E /* FirebaseFunctionsCombine-Community */,
				05BBFAD32B6BAEDA00B50D2E /* FirebaseInAppMessaging-Beta */,
				05BBFAD52B6BAEDA00B50D2E /* FirebaseInAppMessagingSwift-Beta */,
				05BBFAD72B6BAEDA00B50D2E /* FirebaseInstallations */,
				05BBFAD92B6BAEDA00B50D2E /* FirebaseMLModelDownloader */,
				05BBFADB2B6BAEDA00B50D2E /* FirebaseMessaging */,
				05BBFADD2B6BAEDA00B50D2E /* FirebasePerformance */,
				05BBFADF2B6BAEDA00B50D2E /* FirebaseRemoteConfig */,
				05BBFAE12B6BAEDA00B50D2E /* FirebaseRemoteConfigSwift */,
				05BBFAE32B6BAEDA00B50D2E /* FirebaseStorage */,
				05BBFAE52B6BAEDA00B50D2E /* FirebaseStorageCombine-Community */,
				05BBFAE72B6BBCAA00B50D2E /* FirebaseAnalytics */,
				05BBFAE92B6BBCAA00B50D2E /* FirebaseAnalyticsOnDeviceConversion */,
				05BBFAEB2B6BBCAA00B50D2E /* FirebaseAnalyticsSwift */,
				05BBFAED2B6BBCAA00B50D2E /* FirebaseAnalyticsWithoutAdIdSupport */,
				05BBFAEF2B6BBCAA00B50D2E /* FirebaseAppCheck */,
				05BBFAF12B6BBCAA00B50D2E /* FirebaseAppDistribution-Beta */,
				05BBFAF32B6BBCAA00B50D2E /* FirebaseAuth */,
				05BBFAF52B6BBCAA00B50D2E /* FirebaseAuthCombine-Community */,
				05BBFAF72B6BBCAA00B50D2E /* FirebaseCrashlytics */,
				05BBFAF92B6BBCAA00B50D2E /* FirebaseDatabase */,
				05BBFAFB2B6BBCAA00B50D2E /* FirebaseDatabaseSwift */,
				05BBFAFD2B6BBCAA00B50D2E /* FirebaseDynamicLinks */,
				05BBFAFF2B6BBCAA00B50D2E /* FirebaseFirestore */,
				05BBFB012B6BBCAA00B50D2E /* FirebaseFirestoreCombine-Community */,
				05BBFB032B6BBCAA00B50D2E /* FirebaseFirestoreSwift */,
				05BBFB052B6BBCAA00B50D2E /* FirebaseFunctions */,
				05BBFB072B6BBCAA00B50D2E /* FirebaseFunctionsCombine-Community */,
				05BBFB092B6BBCAA00B50D2E /* FirebaseInAppMessaging-Beta */,
				05BBFB0B2B6BBCAA00B50D2E /* FirebaseInAppMessagingSwift-Beta */,
				05BBFB0D2B6BBCAA00B50D2E /* FirebaseInstallations */,
				05BBFB0F2B6BBCAA00B50D2E /* FirebaseMLModelDownloader */,
				05BBFB112B6BBCAA00B50D2E /* FirebaseMessaging */,
				05BBFB132B6BBCAA00B50D2E /* FirebasePerformance */,
				05BBFB152B6BBCAA00B50D2E /* FirebaseRemoteConfig */,
				05BBFB172B6BBCAA00B50D2E /* FirebaseRemoteConfigSwift */,
				05BBFB192B6BBCAA00B50D2E /* FirebaseStorage */,
				05BBFB1B2B6BBCAA00B50D2E /* FirebaseStorageCombine-Community */,
			);
			productName = ApesterKit;
			productReference = 607FACD01AFB9204008FA782 /* Apester.app */;
			productType = "com.apple.product-type.application";
		};
/* End PBXNativeTarget section */

/* Begin PBXProject section */
		607FACC81AFB9204008FA782 /* Project object */ = {
			isa = PBXProject;
			attributes = {
				LastSwiftUpdateCheck = 0830;
				LastUpgradeCheck = 1340;
				ORGANIZATIONNAME = CocoaPods;
				TargetAttributes = {
					607FACCF1AFB9204008FA782 = {
						CreatedOnToolsVersion = 6.3.1;
						LastSwiftMigration = 1340;
					};
				};
			};
			buildConfigurationList = 607FACCB1AFB9204008FA782 /* Build configuration list for PBXProject "ApesterKit" */;
			compatibilityVersion = "Xcode 3.2";
			developmentRegion = English;
			hasScannedForEncodings = 0;
			knownRegions = (
				English,
				en,
				Base,
			);
			mainGroup = 607FACC71AFB9204008FA782;
			packageReferences = (
				051B6DA22B667CEC0067120E /* XCRemoteSwiftPackageReference "firebase-ios-sdk" */,
			);
			productRefGroup = 607FACD11AFB9204008FA782 /* Products */;
			projectDirPath = "";
			projectRoot = "";
			targets = (
				607FACCF1AFB9204008FA782 /* Apester */,
			);
		};
/* End PBXProject section */

/* Begin PBXResourcesBuildPhase section */
		607FACCE1AFB9204008FA782 /* Resources */ = {
			isa = PBXResourcesBuildPhase;
			buildActionMask = 2147483647;
			files = (
				607FACDB1AFB9204008FA782 /* Main.storyboard in Resources */,
				051B6DDA2B6683B40067120E /* GoogleService-Info.plist in Resources */,
				607FACE01AFB9204008FA782 /* LaunchScreen.xib in Resources */,
				607FACDD1AFB9204008FA782 /* Images.xcassets in Resources */,
			);
			runOnlyForDeploymentPostprocessing = 0;
		};
/* End PBXResourcesBuildPhase section */

/* Begin PBXShellScriptBuildPhase section */
		33CC9EB799514080A5DDE183 /* [CP] Check Pods Manifest.lock */ = {
			isa = PBXShellScriptBuildPhase;
			buildActionMask = 2147483647;
			files = (
			);
			inputFileListPaths = (
			);
			inputPaths = (
				"${PODS_PODFILE_DIR_PATH}/Podfile.lock",
				"${PODS_ROOT}/Manifest.lock",
			);
			name = "[CP] Check Pods Manifest.lock";
			outputFileListPaths = (
			);
			outputPaths = (
				"$(DERIVED_FILE_DIR)/Pods-Apester-checkManifestLockResult.txt",
			);
			runOnlyForDeploymentPostprocessing = 0;
			shellPath = /bin/sh;
			shellScript = "diff \"${PODS_PODFILE_DIR_PATH}/Podfile.lock\" \"${PODS_ROOT}/Manifest.lock\" > /dev/null\nif [ $? != 0 ] ; then\n    # print error to STDERR\n    echo \"error: The sandbox is not in sync with the Podfile.lock. Run 'pod install' or update your CocoaPods installation.\" >&2\n    exit 1\nfi\n# This output is used by Xcode 'outputs' to avoid re-running this script phase.\necho \"SUCCESS\" > \"${SCRIPT_OUTPUT_FILE_0}\"\n";
			showEnvVarsInLog = 0;
		};
		592A99C06B6482AC5DE77FC0 /* [CP] Copy Pods Resources */ = {
			isa = PBXShellScriptBuildPhase;
			buildActionMask = 2147483647;
			files = (
			);
			inputPaths = (
				"${PODS_ROOT}/Target Support Files/Pods-Apester/Pods-Apester-resources.sh",
				"${PODS_ROOT}/OpenWrapSDK/OpenWrapSDK/POBResources.bundle",
			);
			name = "[CP] Copy Pods Resources";
			outputPaths = (
				"${TARGET_BUILD_DIR}/${UNLOCALIZED_RESOURCES_FOLDER_PATH}/POBResources.bundle",
			);
			runOnlyForDeploymentPostprocessing = 0;
			shellPath = /bin/sh;
			shellScript = "\"${PODS_ROOT}/Target Support Files/Pods-Apester/Pods-Apester-resources.sh\"\n";
			showEnvVarsInLog = 0;
		};
		F1221E6D27A4C5A6E6DCB4F4 /* [CP] Embed Pods Frameworks */ = {
			isa = PBXShellScriptBuildPhase;
			buildActionMask = 2147483647;
			files = (
			);
			inputPaths = (
				"${PODS_ROOT}/Target Support Files/Pods-Apester/Pods-Apester-frameworks.sh",
				"${BUILT_PRODUCTS_DIR}/GoogleUtilities/GoogleUtilities.framework",
				"${BUILT_PRODUCTS_DIR}/PromisesObjC/FBLPromises.framework",
				"${BUILT_PRODUCTS_DIR}/nanopb/nanopb.framework",
				"${PODS_XCFRAMEWORKS_BUILD_DIR}/AmazonPublisherServicesSDK/DTBiOSSDK.framework/DTBiOSSDK",
				"${PODS_XCFRAMEWORKS_BUILD_DIR}/OpenWrapSDK/OpenWrap/OMSDK_Pubmatic.framework/OMSDK_Pubmatic",
			);
			name = "[CP] Embed Pods Frameworks";
			outputPaths = (
				"${TARGET_BUILD_DIR}/${FRAMEWORKS_FOLDER_PATH}/GoogleUtilities.framework",
				"${TARGET_BUILD_DIR}/${FRAMEWORKS_FOLDER_PATH}/FBLPromises.framework",
				"${TARGET_BUILD_DIR}/${FRAMEWORKS_FOLDER_PATH}/nanopb.framework",
				"${TARGET_BUILD_DIR}/${FRAMEWORKS_FOLDER_PATH}/DTBiOSSDK.framework",
				"${TARGET_BUILD_DIR}/${FRAMEWORKS_FOLDER_PATH}/OMSDK_Pubmatic.framework",
			);
			runOnlyForDeploymentPostprocessing = 0;
			shellPath = /bin/sh;
			shellScript = "\"${PODS_ROOT}/Target Support Files/Pods-Apester/Pods-Apester-frameworks.sh\"\n";
			showEnvVarsInLog = 0;
		};
/* End PBXShellScriptBuildPhase section */

/* Begin PBXSourcesBuildPhase section */
		607FACCC1AFB9204008FA782 /* Sources */ = {
			isa = PBXSourcesBuildPhase;
			buildActionMask = 2147483647;
			files = (
				5D4C7AAA299E395A00C1FC01 /* APEUnitViewController.swift in Sources */,
				051B6DDF2B66AFF50067120E /* userSingletone.swift in Sources */,
				5D4C7AA0299E394600C1FC01 /* StripConfigurationsFactory.swift in Sources */,
				051B6D942B6673500067120E /* unitStructs.swift in Sources */,
				5D4C7A95299E38EE00C1FC01 /* DemoThreadMutex.swift in Sources */,
				5D4C7AA2299E394600C1FC01 /* APESingleStripViewController.m in Sources */,
				5D4C7AA9299E395A00C1FC01 /* APEMultipleUnitsViewController.swift in Sources */,
				051B6D932B6673500067120E /* enums.swift in Sources */,
				051B6D9B2B66741D0067120E /* ScreenArticles.swift in Sources */,
				5D4C7AAB299E395A00C1FC01 /* UnitConfigurationFactory.swift in Sources */,
				5D4C7A96299E38EE00C1FC01 /* DemoLogWriter.swift in Sources */,
				5D4C7AAD299E396200C1FC01 /* APECollectionViewCell.swift in Sources */,
				051B6D9F2B6674840067120E /* ScrollViewExtension.swift in Sources */,
				607FACD61AFB9204008FA782 /* AppDelegate.swift in Sources */,
				051B6DDC2B66AF1F0067120E /* database.swift in Sources */,
				5D4C7AA8299E395A00C1FC01 /* APESingleUnitViewController.m in Sources */,
				5D4C7AA1299E394600C1FC01 /* APEMultipleStripsViewController.swift in Sources */,
				051B6D872B6555E00067120E /* mainViewController.swift in Sources */,
			);
			runOnlyForDeploymentPostprocessing = 0;
		};
/* End PBXSourcesBuildPhase section */

/* Begin PBXVariantGroup section */
		607FACD91AFB9204008FA782 /* Main.storyboard */ = {
			isa = PBXVariantGroup;
			children = (
				607FACDA1AFB9204008FA782 /* Base */,
			);
			name = Main.storyboard;
			sourceTree = "<group>";
		};
		607FACDE1AFB9204008FA782 /* LaunchScreen.xib */ = {
			isa = PBXVariantGroup;
			children = (
				607FACDF1AFB9204008FA782 /* Base */,
			);
			name = LaunchScreen.xib;
			sourceTree = "<group>";
		};
/* End PBXVariantGroup section */

/* Begin XCBuildConfiguration section */
		607FACED1AFB9204008FA782 /* Debug */ = {
			isa = XCBuildConfiguration;
			buildSettings = {
				ALWAYS_SEARCH_USER_PATHS = NO;
				CLANG_CXX_LANGUAGE_STANDARD = "gnu++0x";
				CLANG_CXX_LIBRARY = "libc++";
				CLANG_ENABLE_MODULES = YES;
				CLANG_ENABLE_OBJC_ARC = YES;
				CLANG_WARN_BLOCK_CAPTURE_AUTORELEASING = YES;
				CLANG_WARN_BOOL_CONVERSION = YES;
				CLANG_WARN_COMMA = YES;
				CLANG_WARN_CONSTANT_CONVERSION = YES;
				CLANG_WARN_DIRECT_OBJC_ISA_USAGE = YES_ERROR;
				CLANG_WARN_EMPTY_BODY = YES;
				CLANG_WARN_ENUM_CONVERSION = YES;
				CLANG_WARN_INFINITE_RECURSION = YES;
				CLANG_WARN_INT_CONVERSION = YES;
				CLANG_WARN_NON_LITERAL_NULL_CONVERSION = YES;
				CLANG_WARN_OBJC_LITERAL_CONVERSION = YES;
				CLANG_WARN_OBJC_ROOT_CLASS = YES_ERROR;
				CLANG_WARN_RANGE_LOOP_ANALYSIS = YES;
				CLANG_WARN_STRICT_PROTOTYPES = YES;
				CLANG_WARN_SUSPICIOUS_MOVE = YES;
				CLANG_WARN_UNREACHABLE_CODE = YES;
				CLANG_WARN__DUPLICATE_METHOD_MATCH = YES;
				"CODE_SIGN_IDENTITY[sdk=iphoneos*]" = "iPhone Developer";
				COPY_PHASE_STRIP = NO;
				DEBUG_INFORMATION_FORMAT = "dwarf-with-dsym";
				ENABLE_STRICT_OBJC_MSGSEND = YES;
				ENABLE_TESTABILITY = YES;
				GCC_C_LANGUAGE_STANDARD = gnu99;
				GCC_DYNAMIC_NO_PIC = NO;
				GCC_NO_COMMON_BLOCKS = YES;
				GCC_OPTIMIZATION_LEVEL = 0;
				GCC_PREPROCESSOR_DEFINITIONS = (
					"DEBUG=1",
					"$(inherited)",
				);
				GCC_SYMBOLS_PRIVATE_EXTERN = NO;
				GCC_WARN_64_TO_32_BIT_CONVERSION = YES;
				GCC_WARN_ABOUT_RETURN_TYPE = YES_ERROR;
				GCC_WARN_UNDECLARED_SELECTOR = YES;
				GCC_WARN_UNINITIALIZED_AUTOS = YES_AGGRESSIVE;
				GCC_WARN_UNUSED_FUNCTION = YES;
				GCC_WARN_UNUSED_VARIABLE = YES;
				IPHONEOS_DEPLOYMENT_TARGET = 11.0;
				MTL_ENABLE_DEBUG_INFO = YES;
				ONLY_ACTIVE_ARCH = YES;
				SDKROOT = iphoneos;
				SWIFT_OPTIMIZATION_LEVEL = "-Onone";
				SWIFT_VERSION = 5.0;
			};
			name = Debug;
		};
		607FACEE1AFB9204008FA782 /* Release */ = {
			isa = XCBuildConfiguration;
			buildSettings = {
				ALWAYS_SEARCH_USER_PATHS = NO;
				CLANG_CXX_LANGUAGE_STANDARD = "gnu++0x";
				CLANG_CXX_LIBRARY = "libc++";
				CLANG_ENABLE_MODULES = YES;
				CLANG_ENABLE_OBJC_ARC = YES;
				CLANG_WARN_BLOCK_CAPTURE_AUTORELEASING = YES;
				CLANG_WARN_BOOL_CONVERSION = YES;
				CLANG_WARN_COMMA = YES;
				CLANG_WARN_CONSTANT_CONVERSION = YES;
				CLANG_WARN_DIRECT_OBJC_ISA_USAGE = YES_ERROR;
				CLANG_WARN_EMPTY_BODY = YES;
				CLANG_WARN_ENUM_CONVERSION = YES;
				CLANG_WARN_INFINITE_RECURSION = YES;
				CLANG_WARN_INT_CONVERSION = YES;
				CLANG_WARN_NON_LITERAL_NULL_CONVERSION = YES;
				CLANG_WARN_OBJC_LITERAL_CONVERSION = YES;
				CLANG_WARN_OBJC_ROOT_CLASS = YES_ERROR;
				CLANG_WARN_RANGE_LOOP_ANALYSIS = YES;
				CLANG_WARN_STRICT_PROTOTYPES = YES;
				CLANG_WARN_SUSPICIOUS_MOVE = YES;
				CLANG_WARN_UNREACHABLE_CODE = YES;
				CLANG_WARN__DUPLICATE_METHOD_MATCH = YES;
				"CODE_SIGN_IDENTITY[sdk=iphoneos*]" = "iPhone Developer";
				COPY_PHASE_STRIP = NO;
				DEBUG_INFORMATION_FORMAT = "dwarf-with-dsym";
				ENABLE_NS_ASSERTIONS = NO;
				ENABLE_STRICT_OBJC_MSGSEND = YES;
				GCC_C_LANGUAGE_STANDARD = gnu99;
				GCC_NO_COMMON_BLOCKS = YES;
				GCC_WARN_64_TO_32_BIT_CONVERSION = YES;
				GCC_WARN_ABOUT_RETURN_TYPE = YES_ERROR;
				GCC_WARN_UNDECLARED_SELECTOR = YES;
				GCC_WARN_UNINITIALIZED_AUTOS = YES_AGGRESSIVE;
				GCC_WARN_UNUSED_FUNCTION = YES;
				GCC_WARN_UNUSED_VARIABLE = YES;
				IPHONEOS_DEPLOYMENT_TARGET = 11.0;
				MTL_ENABLE_DEBUG_INFO = NO;
				SDKROOT = iphoneos;
				SWIFT_COMPILATION_MODE = wholemodule;
				SWIFT_OPTIMIZATION_LEVEL = "-O";
				SWIFT_VERSION = 5.0;
				VALIDATE_PRODUCT = YES;
			};
			name = Release;
		};
		607FACF01AFB9204008FA782 /* Debug */ = {
			isa = XCBuildConfiguration;
			baseConfigurationReference = 2FBBC54C9A6D32198A51174B /* Pods-Apester.debug.xcconfig */;
			buildSettings = {
				ASSETCATALOG_COMPILER_APPICON_NAME = AppIcon;
				ASSETCATALOG_COMPILER_INCLUDE_ALL_APPICON_ASSETS = YES;
				CLANG_ENABLE_MODULES = YES;
				CURRENT_PROJECT_VERSION = 1010;
				DEVELOPMENT_TEAM = 6DFYD52F9N;
				INFOPLIST_FILE = ApesterKit/Info.plist;
				INFOPLIST_KEY_CFBundleDisplayName = Apester;
				IPHONEOS_DEPLOYMENT_TARGET = 14.0;
				LD_RUNPATH_SEARCH_PATHS = (
					"$(inherited)",
					"@executable_path/Frameworks",
				);
				MARKETING_VERSION = 3.3.9;
				MODULE_NAME = ExampleApp;
				PRODUCT_BUNDLE_IDENTIFIER = Apester.ApesterTester;
				PRODUCT_NAME = Apester;
				SUPPORTED_PLATFORMS = "iphoneos iphonesimulator";
				SUPPORTS_MACCATALYST = NO;
				SWIFT_OBJC_BRIDGING_HEADER = "ApesterKit/ApesterKit_Example-Bridging-Header.h";
				SWIFT_OPTIMIZATION_LEVEL = "-Onone";
				SWIFT_SWIFT3_OBJC_INFERENCE = Default;
				TARGETED_DEVICE_FAMILY = 1;
			};
			name = Debug;
		};
		607FACF11AFB9204008FA782 /* Release */ = {
			isa = XCBuildConfiguration;
			baseConfigurationReference = E168B259146BC15C0A7B680C /* Pods-Apester.release.xcconfig */;
			buildSettings = {
				ASSETCATALOG_COMPILER_APPICON_NAME = AppIcon;
				ASSETCATALOG_COMPILER_INCLUDE_ALL_APPICON_ASSETS = YES;
				CLANG_ENABLE_MODULES = YES;
				CURRENT_PROJECT_VERSION = 1010;
				DEVELOPMENT_TEAM = 6DFYD52F9N;
				INFOPLIST_FILE = ApesterKit/Info.plist;
				INFOPLIST_KEY_CFBundleDisplayName = Apester;
				IPHONEOS_DEPLOYMENT_TARGET = 14.0;
				LD_RUNPATH_SEARCH_PATHS = (
					"$(inherited)",
					"@executable_path/Frameworks",
				);
				MARKETING_VERSION = 3.3.9;
				MODULE_NAME = ExampleApp;
				PRODUCT_BUNDLE_IDENTIFIER = Apester.ApesterTester;
				PRODUCT_NAME = Apester;
				SUPPORTED_PLATFORMS = "iphoneos iphonesimulator";
				SUPPORTS_MACCATALYST = NO;
				SWIFT_OBJC_BRIDGING_HEADER = "ApesterKit/ApesterKit_Example-Bridging-Header.h";
				SWIFT_SWIFT3_OBJC_INFERENCE = Default;
				TARGETED_DEVICE_FAMILY = 1;
			};
			name = Release;
		};
/* End XCBuildConfiguration section */

/* Begin XCConfigurationList section */
		607FACCB1AFB9204008FA782 /* Build configuration list for PBXProject "ApesterKit" */ = {
			isa = XCConfigurationList;
			buildConfigurations = (
				607FACED1AFB9204008FA782 /* Debug */,
				607FACEE1AFB9204008FA782 /* Release */,
			);
			defaultConfigurationIsVisible = 0;
			defaultConfigurationName = Release;
		};
		607FACEF1AFB9204008FA782 /* Build configuration list for PBXNativeTarget "Apester" */ = {
			isa = XCConfigurationList;
			buildConfigurations = (
				607FACF01AFB9204008FA782 /* Debug */,
				607FACF11AFB9204008FA782 /* Release */,
			);
			defaultConfigurationIsVisible = 0;
			defaultConfigurationName = Release;
		};
/* End XCConfigurationList section */

/* Begin XCRemoteSwiftPackageReference section */
		051B6DA22B667CEC0067120E /* XCRemoteSwiftPackageReference "firebase-ios-sdk" */ = {
			isa = XCRemoteSwiftPackageReference;
			repositoryURL = "https://github.com/firebase/firebase-ios-sdk";
			requirement = {
				kind = upToNextMajorVersion;
				minimumVersion = 10.20.0;
			};
		};
/* End XCRemoteSwiftPackageReference section */

/* Begin XCSwiftPackageProductDependency section */
		051B6DA32B667CEC0067120E /* FirebaseAnalytics */ = {
			isa = XCSwiftPackageProductDependency;
			package = 051B6DA22B667CEC0067120E /* XCRemoteSwiftPackageReference "firebase-ios-sdk" */;
			productName = FirebaseAnalytics;
		};
		051B6DA52B667CEC0067120E /* FirebaseAnalyticsOnDeviceConversion */ = {
			isa = XCSwiftPackageProductDependency;
			package = 051B6DA22B667CEC0067120E /* XCRemoteSwiftPackageReference "firebase-ios-sdk" */;
			productName = FirebaseAnalyticsOnDeviceConversion;
		};
		051B6DA72B667CEC0067120E /* FirebaseAnalyticsSwift */ = {
			isa = XCSwiftPackageProductDependency;
			package = 051B6DA22B667CEC0067120E /* XCRemoteSwiftPackageReference "firebase-ios-sdk" */;
			productName = FirebaseAnalyticsSwift;
		};
		051B6DA92B667CEC0067120E /* FirebaseAnalyticsWithoutAdIdSupport */ = {
			isa = XCSwiftPackageProductDependency;
			package = 051B6DA22B667CEC0067120E /* XCRemoteSwiftPackageReference "firebase-ios-sdk" */;
			productName = FirebaseAnalyticsWithoutAdIdSupport;
		};
		051B6DAB2B667CEC0067120E /* FirebaseAppCheck */ = {
			isa = XCSwiftPackageProductDependency;
			package = 051B6DA22B667CEC0067120E /* XCRemoteSwiftPackageReference "firebase-ios-sdk" */;
			productName = FirebaseAppCheck;
		};
		051B6DAD2B667CEC0067120E /* FirebaseAppDistribution-Beta */ = {
			isa = XCSwiftPackageProductDependency;
			package = 051B6DA22B667CEC0067120E /* XCRemoteSwiftPackageReference "firebase-ios-sdk" */;
			productName = "FirebaseAppDistribution-Beta";
		};
		051B6DAF2B667CEC0067120E /* FirebaseAuth */ = {
			isa = XCSwiftPackageProductDependency;
			package = 051B6DA22B667CEC0067120E /* XCRemoteSwiftPackageReference "firebase-ios-sdk" */;
			productName = FirebaseAuth;
		};
		051B6DB12B667CEC0067120E /* FirebaseAuthCombine-Community */ = {
			isa = XCSwiftPackageProductDependency;
			package = 051B6DA22B667CEC0067120E /* XCRemoteSwiftPackageReference "firebase-ios-sdk" */;
			productName = "FirebaseAuthCombine-Community";
		};
		051B6DB32B667CEC0067120E /* FirebaseCrashlytics */ = {
			isa = XCSwiftPackageProductDependency;
			package = 051B6DA22B667CEC0067120E /* XCRemoteSwiftPackageReference "firebase-ios-sdk" */;
			productName = FirebaseCrashlytics;
		};
		051B6DB52B667CEC0067120E /* FirebaseDatabase */ = {
			isa = XCSwiftPackageProductDependency;
			package = 051B6DA22B667CEC0067120E /* XCRemoteSwiftPackageReference "firebase-ios-sdk" */;
			productName = FirebaseDatabase;
		};
		051B6DB72B667CEC0067120E /* FirebaseDatabaseSwift */ = {
			isa = XCSwiftPackageProductDependency;
			package = 051B6DA22B667CEC0067120E /* XCRemoteSwiftPackageReference "firebase-ios-sdk" */;
			productName = FirebaseDatabaseSwift;
		};
		051B6DB92B667CEC0067120E /* FirebaseDynamicLinks */ = {
			isa = XCSwiftPackageProductDependency;
			package = 051B6DA22B667CEC0067120E /* XCRemoteSwiftPackageReference "firebase-ios-sdk" */;
			productName = FirebaseDynamicLinks;
		};
		051B6DBB2B667CEC0067120E /* FirebaseFirestore */ = {
			isa = XCSwiftPackageProductDependency;
			package = 051B6DA22B667CEC0067120E /* XCRemoteSwiftPackageReference "firebase-ios-sdk" */;
			productName = FirebaseFirestore;
		};
		051B6DBD2B667CEC0067120E /* FirebaseFirestoreCombine-Community */ = {
			isa = XCSwiftPackageProductDependency;
			package = 051B6DA22B667CEC0067120E /* XCRemoteSwiftPackageReference "firebase-ios-sdk" */;
			productName = "FirebaseFirestoreCombine-Community";
		};
		051B6DBF2B667CEC0067120E /* FirebaseFirestoreSwift */ = {
			isa = XCSwiftPackageProductDependency;
			package = 051B6DA22B667CEC0067120E /* XCRemoteSwiftPackageReference "firebase-ios-sdk" */;
			productName = FirebaseFirestoreSwift;
		};
		051B6DC12B667CEC0067120E /* FirebaseFunctions */ = {
			isa = XCSwiftPackageProductDependency;
			package = 051B6DA22B667CEC0067120E /* XCRemoteSwiftPackageReference "firebase-ios-sdk" */;
			productName = FirebaseFunctions;
		};
		051B6DC32B667CEC0067120E /* FirebaseFunctionsCombine-Community */ = {
			isa = XCSwiftPackageProductDependency;
			package = 051B6DA22B667CEC0067120E /* XCRemoteSwiftPackageReference "firebase-ios-sdk" */;
			productName = "FirebaseFunctionsCombine-Community";
		};
		051B6DC52B667CEC0067120E /* FirebaseInAppMessaging-Beta */ = {
			isa = XCSwiftPackageProductDependency;
			package = 051B6DA22B667CEC0067120E /* XCRemoteSwiftPackageReference "firebase-ios-sdk" */;
			productName = "FirebaseInAppMessaging-Beta";
		};
		051B6DC72B667CEC0067120E /* FirebaseInAppMessagingSwift-Beta */ = {
			isa = XCSwiftPackageProductDependency;
			package = 051B6DA22B667CEC0067120E /* XCRemoteSwiftPackageReference "firebase-ios-sdk" */;
			productName = "FirebaseInAppMessagingSwift-Beta";
		};
		051B6DC92B667CEC0067120E /* FirebaseInstallations */ = {
			isa = XCSwiftPackageProductDependency;
			package = 051B6DA22B667CEC0067120E /* XCRemoteSwiftPackageReference "firebase-ios-sdk" */;
			productName = FirebaseInstallations;
		};
		051B6DCB2B667CEC0067120E /* FirebaseMLModelDownloader */ = {
			isa = XCSwiftPackageProductDependency;
			package = 051B6DA22B667CEC0067120E /* XCRemoteSwiftPackageReference "firebase-ios-sdk" */;
			productName = FirebaseMLModelDownloader;
		};
		051B6DCD2B667CEC0067120E /* FirebaseMessaging */ = {
			isa = XCSwiftPackageProductDependency;
			package = 051B6DA22B667CEC0067120E /* XCRemoteSwiftPackageReference "firebase-ios-sdk" */;
			productName = FirebaseMessaging;
		};
		051B6DCF2B667CEC0067120E /* FirebasePerformance */ = {
			isa = XCSwiftPackageProductDependency;
			package = 051B6DA22B667CEC0067120E /* XCRemoteSwiftPackageReference "firebase-ios-sdk" */;
			productName = FirebasePerformance;
		};
		051B6DD12B667CEC0067120E /* FirebaseRemoteConfig */ = {
			isa = XCSwiftPackageProductDependency;
			package = 051B6DA22B667CEC0067120E /* XCRemoteSwiftPackageReference "firebase-ios-sdk" */;
			productName = FirebaseRemoteConfig;
		};
		051B6DD32B667CEC0067120E /* FirebaseRemoteConfigSwift */ = {
			isa = XCSwiftPackageProductDependency;
			package = 051B6DA22B667CEC0067120E /* XCRemoteSwiftPackageReference "firebase-ios-sdk" */;
			productName = FirebaseRemoteConfigSwift;
		};
		051B6DD52B667CEC0067120E /* FirebaseStorage */ = {
			isa = XCSwiftPackageProductDependency;
			package = 051B6DA22B667CEC0067120E /* XCRemoteSwiftPackageReference "firebase-ios-sdk" */;
			productName = FirebaseStorage;
		};
		051B6DD72B667CEC0067120E /* FirebaseStorageCombine-Community */ = {
			isa = XCSwiftPackageProductDependency;
			package = 051B6DA22B667CEC0067120E /* XCRemoteSwiftPackageReference "firebase-ios-sdk" */;
			productName = "FirebaseStorageCombine-Community";
		};
		052076662B69398A008EA5E0 /* FirebaseAnalytics */ = {
			isa = XCSwiftPackageProductDependency;
			package = 051B6DA22B667CEC0067120E /* XCRemoteSwiftPackageReference "firebase-ios-sdk" */;
			productName = FirebaseAnalytics;
		};
		052076682B69398A008EA5E0 /* FirebaseAnalyticsOnDeviceConversion */ = {
			isa = XCSwiftPackageProductDependency;
			package = 051B6DA22B667CEC0067120E /* XCRemoteSwiftPackageReference "firebase-ios-sdk" */;
			productName = FirebaseAnalyticsOnDeviceConversion;
		};
		0520766A2B69398A008EA5E0 /* FirebaseAnalyticsSwift */ = {
			isa = XCSwiftPackageProductDependency;
			package = 051B6DA22B667CEC0067120E /* XCRemoteSwiftPackageReference "firebase-ios-sdk" */;
			productName = FirebaseAnalyticsSwift;
		};
		0520766C2B69398A008EA5E0 /* FirebaseAnalyticsWithoutAdIdSupport */ = {
			isa = XCSwiftPackageProductDependency;
			package = 051B6DA22B667CEC0067120E /* XCRemoteSwiftPackageReference "firebase-ios-sdk" */;
			productName = FirebaseAnalyticsWithoutAdIdSupport;
		};
		0520766E2B69398A008EA5E0 /* FirebaseAppCheck */ = {
			isa = XCSwiftPackageProductDependency;
			package = 051B6DA22B667CEC0067120E /* XCRemoteSwiftPackageReference "firebase-ios-sdk" */;
			productName = FirebaseAppCheck;
		};
		05BBFAB12B6BAEDA00B50D2E /* FirebaseAnalytics */ = {
			isa = XCSwiftPackageProductDependency;
			package = 051B6DA22B667CEC0067120E /* XCRemoteSwiftPackageReference "firebase-ios-sdk" */;
			productName = FirebaseAnalytics;
		};
		05BBFAB32B6BAEDA00B50D2E /* FirebaseAnalyticsOnDeviceConversion */ = {
			isa = XCSwiftPackageProductDependency;
			package = 051B6DA22B667CEC0067120E /* XCRemoteSwiftPackageReference "firebase-ios-sdk" */;
			productName = FirebaseAnalyticsOnDeviceConversion;
		};
		05BBFAB52B6BAEDA00B50D2E /* FirebaseAnalyticsSwift */ = {
			isa = XCSwiftPackageProductDependency;
			package = 051B6DA22B667CEC0067120E /* XCRemoteSwiftPackageReference "firebase-ios-sdk" */;
			productName = FirebaseAnalyticsSwift;
		};
		05BBFAB72B6BAEDA00B50D2E /* FirebaseAnalyticsWithoutAdIdSupport */ = {
			isa = XCSwiftPackageProductDependency;
			package = 051B6DA22B667CEC0067120E /* XCRemoteSwiftPackageReference "firebase-ios-sdk" */;
			productName = FirebaseAnalyticsWithoutAdIdSupport;
		};
		05BBFAB92B6BAEDA00B50D2E /* FirebaseAppCheck */ = {
			isa = XCSwiftPackageProductDependency;
			package = 051B6DA22B667CEC0067120E /* XCRemoteSwiftPackageReference "firebase-ios-sdk" */;
			productName = FirebaseAppCheck;
		};
		05BBFABB2B6BAEDA00B50D2E /* FirebaseAppDistribution-Beta */ = {
			isa = XCSwiftPackageProductDependency;
			package = 051B6DA22B667CEC0067120E /* XCRemoteSwiftPackageReference "firebase-ios-sdk" */;
			productName = "FirebaseAppDistribution-Beta";
		};
		05BBFABD2B6BAEDA00B50D2E /* FirebaseAuth */ = {
			isa = XCSwiftPackageProductDependency;
			package = 051B6DA22B667CEC0067120E /* XCRemoteSwiftPackageReference "firebase-ios-sdk" */;
			productName = FirebaseAuth;
		};
		05BBFABF2B6BAEDA00B50D2E /* FirebaseAuthCombine-Community */ = {
			isa = XCSwiftPackageProductDependency;
			package = 051B6DA22B667CEC0067120E /* XCRemoteSwiftPackageReference "firebase-ios-sdk" */;
			productName = "FirebaseAuthCombine-Community";
		};
		05BBFAC12B6BAEDA00B50D2E /* FirebaseCrashlytics */ = {
			isa = XCSwiftPackageProductDependency;
			package = 051B6DA22B667CEC0067120E /* XCRemoteSwiftPackageReference "firebase-ios-sdk" */;
			productName = FirebaseCrashlytics;
		};
		05BBFAC32B6BAEDA00B50D2E /* FirebaseDatabase */ = {
			isa = XCSwiftPackageProductDependency;
			package = 051B6DA22B667CEC0067120E /* XCRemoteSwiftPackageReference "firebase-ios-sdk" */;
			productName = FirebaseDatabase;
		};
		05BBFAC52B6BAEDA00B50D2E /* FirebaseDatabaseSwift */ = {
			isa = XCSwiftPackageProductDependency;
			package = 051B6DA22B667CEC0067120E /* XCRemoteSwiftPackageReference "firebase-ios-sdk" */;
			productName = FirebaseDatabaseSwift;
		};
		05BBFAC72B6BAEDA00B50D2E /* FirebaseDynamicLinks */ = {
			isa = XCSwiftPackageProductDependency;
			package = 051B6DA22B667CEC0067120E /* XCRemoteSwiftPackageReference "firebase-ios-sdk" */;
			productName = FirebaseDynamicLinks;
		};
		05BBFAC92B6BAEDA00B50D2E /* FirebaseFirestore */ = {
			isa = XCSwiftPackageProductDependency;
			package = 051B6DA22B667CEC0067120E /* XCRemoteSwiftPackageReference "firebase-ios-sdk" */;
			productName = FirebaseFirestore;
		};
		05BBFACB2B6BAEDA00B50D2E /* FirebaseFirestoreCombine-Community */ = {
			isa = XCSwiftPackageProductDependency;
			package = 051B6DA22B667CEC0067120E /* XCRemoteSwiftPackageReference "firebase-ios-sdk" */;
			productName = "FirebaseFirestoreCombine-Community";
		};
		05BBFACD2B6BAEDA00B50D2E /* FirebaseFirestoreSwift */ = {
			isa = XCSwiftPackageProductDependency;
			package = 051B6DA22B667CEC0067120E /* XCRemoteSwiftPackageReference "firebase-ios-sdk" */;
			productName = FirebaseFirestoreSwift;
		};
		05BBFACF2B6BAEDA00B50D2E /* FirebaseFunctions */ = {
			isa = XCSwiftPackageProductDependency;
			package = 051B6DA22B667CEC0067120E /* XCRemoteSwiftPackageReference "firebase-ios-sdk" */;
			productName = FirebaseFunctions;
		};
		05BBFAD12B6BAEDA00B50D2E /* FirebaseFunctionsCombine-Community */ = {
			isa = XCSwiftPackageProductDependency;
			package = 051B6DA22B667CEC0067120E /* XCRemoteSwiftPackageReference "firebase-ios-sdk" */;
			productName = "FirebaseFunctionsCombine-Community";
		};
		05BBFAD32B6BAEDA00B50D2E /* FirebaseInAppMessaging-Beta */ = {
			isa = XCSwiftPackageProductDependency;
			package = 051B6DA22B667CEC0067120E /* XCRemoteSwiftPackageReference "firebase-ios-sdk" */;
			productName = "FirebaseInAppMessaging-Beta";
		};
		05BBFAD52B6BAEDA00B50D2E /* FirebaseInAppMessagingSwift-Beta */ = {
			isa = XCSwiftPackageProductDependency;
			package = 051B6DA22B667CEC0067120E /* XCRemoteSwiftPackageReference "firebase-ios-sdk" */;
			productName = "FirebaseInAppMessagingSwift-Beta";
		};
		05BBFAD72B6BAEDA00B50D2E /* FirebaseInstallations */ = {
			isa = XCSwiftPackageProductDependency;
			package = 051B6DA22B667CEC0067120E /* XCRemoteSwiftPackageReference "firebase-ios-sdk" */;
			productName = FirebaseInstallations;
		};
		05BBFAD92B6BAEDA00B50D2E /* FirebaseMLModelDownloader */ = {
			isa = XCSwiftPackageProductDependency;
			package = 051B6DA22B667CEC0067120E /* XCRemoteSwiftPackageReference "firebase-ios-sdk" */;
			productName = FirebaseMLModelDownloader;
		};
		05BBFADB2B6BAEDA00B50D2E /* FirebaseMessaging */ = {
			isa = XCSwiftPackageProductDependency;
			package = 051B6DA22B667CEC0067120E /* XCRemoteSwiftPackageReference "firebase-ios-sdk" */;
			productName = FirebaseMessaging;
		};
		05BBFADD2B6BAEDA00B50D2E /* FirebasePerformance */ = {
			isa = XCSwiftPackageProductDependency;
			package = 051B6DA22B667CEC0067120E /* XCRemoteSwiftPackageReference "firebase-ios-sdk" */;
			productName = FirebasePerformance;
		};
		05BBFADF2B6BAEDA00B50D2E /* FirebaseRemoteConfig */ = {
			isa = XCSwiftPackageProductDependency;
			package = 051B6DA22B667CEC0067120E /* XCRemoteSwiftPackageReference "firebase-ios-sdk" */;
			productName = FirebaseRemoteConfig;
		};
		05BBFAE12B6BAEDA00B50D2E /* FirebaseRemoteConfigSwift */ = {
			isa = XCSwiftPackageProductDependency;
			package = 051B6DA22B667CEC0067120E /* XCRemoteSwiftPackageReference "firebase-ios-sdk" */;
			productName = FirebaseRemoteConfigSwift;
		};
		05BBFAE32B6BAEDA00B50D2E /* FirebaseStorage */ = {
			isa = XCSwiftPackageProductDependency;
			package = 051B6DA22B667CEC0067120E /* XCRemoteSwiftPackageReference "firebase-ios-sdk" */;
			productName = FirebaseStorage;
		};
		05BBFAE52B6BAEDA00B50D2E /* FirebaseStorageCombine-Community */ = {
			isa = XCSwiftPackageProductDependency;
			package = 051B6DA22B667CEC0067120E /* XCRemoteSwiftPackageReference "firebase-ios-sdk" */;
			productName = "FirebaseStorageCombine-Community";
		};
		05BBFAE72B6BBCAA00B50D2E /* FirebaseAnalytics */ = {
			isa = XCSwiftPackageProductDependency;
			package = 051B6DA22B667CEC0067120E /* XCRemoteSwiftPackageReference "firebase-ios-sdk" */;
			productName = FirebaseAnalytics;
		};
		05BBFAE92B6BBCAA00B50D2E /* FirebaseAnalyticsOnDeviceConversion */ = {
			isa = XCSwiftPackageProductDependency;
			package = 051B6DA22B667CEC0067120E /* XCRemoteSwiftPackageReference "firebase-ios-sdk" */;
			productName = FirebaseAnalyticsOnDeviceConversion;
		};
		05BBFAEB2B6BBCAA00B50D2E /* FirebaseAnalyticsSwift */ = {
			isa = XCSwiftPackageProductDependency;
			package = 051B6DA22B667CEC0067120E /* XCRemoteSwiftPackageReference "firebase-ios-sdk" */;
			productName = FirebaseAnalyticsSwift;
		};
		05BBFAED2B6BBCAA00B50D2E /* FirebaseAnalyticsWithoutAdIdSupport */ = {
			isa = XCSwiftPackageProductDependency;
			package = 051B6DA22B667CEC0067120E /* XCRemoteSwiftPackageReference "firebase-ios-sdk" */;
			productName = FirebaseAnalyticsWithoutAdIdSupport;
		};
		05BBFAEF2B6BBCAA00B50D2E /* FirebaseAppCheck */ = {
			isa = XCSwiftPackageProductDependency;
			package = 051B6DA22B667CEC0067120E /* XCRemoteSwiftPackageReference "firebase-ios-sdk" */;
			productName = FirebaseAppCheck;
		};
		05BBFAF12B6BBCAA00B50D2E /* FirebaseAppDistribution-Beta */ = {
			isa = XCSwiftPackageProductDependency;
			package = 051B6DA22B667CEC0067120E /* XCRemoteSwiftPackageReference "firebase-ios-sdk" */;
			productName = "FirebaseAppDistribution-Beta";
		};
		05BBFAF32B6BBCAA00B50D2E /* FirebaseAuth */ = {
			isa = XCSwiftPackageProductDependency;
			package = 051B6DA22B667CEC0067120E /* XCRemoteSwiftPackageReference "firebase-ios-sdk" */;
			productName = FirebaseAuth;
		};
		05BBFAF52B6BBCAA00B50D2E /* FirebaseAuthCombine-Community */ = {
			isa = XCSwiftPackageProductDependency;
			package = 051B6DA22B667CEC0067120E /* XCRemoteSwiftPackageReference "firebase-ios-sdk" */;
			productName = "FirebaseAuthCombine-Community";
		};
		05BBFAF72B6BBCAA00B50D2E /* FirebaseCrashlytics */ = {
			isa = XCSwiftPackageProductDependency;
			package = 051B6DA22B667CEC0067120E /* XCRemoteSwiftPackageReference "firebase-ios-sdk" */;
			productName = FirebaseCrashlytics;
		};
		05BBFAF92B6BBCAA00B50D2E /* FirebaseDatabase */ = {
			isa = XCSwiftPackageProductDependency;
			package = 051B6DA22B667CEC0067120E /* XCRemoteSwiftPackageReference "firebase-ios-sdk" */;
			productName = FirebaseDatabase;
		};
		05BBFAFB2B6BBCAA00B50D2E /* FirebaseDatabaseSwift */ = {
			isa = XCSwiftPackageProductDependency;
			package = 051B6DA22B667CEC0067120E /* XCRemoteSwiftPackageReference "firebase-ios-sdk" */;
			productName = FirebaseDatabaseSwift;
		};
		05BBFAFD2B6BBCAA00B50D2E /* FirebaseDynamicLinks */ = {
			isa = XCSwiftPackageProductDependency;
			package = 051B6DA22B667CEC0067120E /* XCRemoteSwiftPackageReference "firebase-ios-sdk" */;
			productName = FirebaseDynamicLinks;
		};
		05BBFAFF2B6BBCAA00B50D2E /* FirebaseFirestore */ = {
			isa = XCSwiftPackageProductDependency;
			package = 051B6DA22B667CEC0067120E /* XCRemoteSwiftPackageReference "firebase-ios-sdk" */;
			productName = FirebaseFirestore;
		};
		05BBFB012B6BBCAA00B50D2E /* FirebaseFirestoreCombine-Community */ = {
			isa = XCSwiftPackageProductDependency;
			package = 051B6DA22B667CEC0067120E /* XCRemoteSwiftPackageReference "firebase-ios-sdk" */;
			productName = "FirebaseFirestoreCombine-Community";
		};
		05BBFB032B6BBCAA00B50D2E /* FirebaseFirestoreSwift */ = {
			isa = XCSwiftPackageProductDependency;
			package = 051B6DA22B667CEC0067120E /* XCRemoteSwiftPackageReference "firebase-ios-sdk" */;
			productName = FirebaseFirestoreSwift;
		};
		05BBFB052B6BBCAA00B50D2E /* FirebaseFunctions */ = {
			isa = XCSwiftPackageProductDependency;
			package = 051B6DA22B667CEC0067120E /* XCRemoteSwiftPackageReference "firebase-ios-sdk" */;
			productName = FirebaseFunctions;
		};
		05BBFB072B6BBCAA00B50D2E /* FirebaseFunctionsCombine-Community */ = {
			isa = XCSwiftPackageProductDependency;
			package = 051B6DA22B667CEC0067120E /* XCRemoteSwiftPackageReference "firebase-ios-sdk" */;
			productName = "FirebaseFunctionsCombine-Community";
		};
		05BBFB092B6BBCAA00B50D2E /* FirebaseInAppMessaging-Beta */ = {
			isa = XCSwiftPackageProductDependency;
			package = 051B6DA22B667CEC0067120E /* XCRemoteSwiftPackageReference "firebase-ios-sdk" */;
			productName = "FirebaseInAppMessaging-Beta";
		};
		05BBFB0B2B6BBCAA00B50D2E /* FirebaseInAppMessagingSwift-Beta */ = {
			isa = XCSwiftPackageProductDependency;
			package = 051B6DA22B667CEC0067120E /* XCRemoteSwiftPackageReference "firebase-ios-sdk" */;
			productName = "FirebaseInAppMessagingSwift-Beta";
		};
		05BBFB0D2B6BBCAA00B50D2E /* FirebaseInstallations */ = {
			isa = XCSwiftPackageProductDependency;
			package = 051B6DA22B667CEC0067120E /* XCRemoteSwiftPackageReference "firebase-ios-sdk" */;
			productName = FirebaseInstallations;
		};
		05BBFB0F2B6BBCAA00B50D2E /* FirebaseMLModelDownloader */ = {
			isa = XCSwiftPackageProductDependency;
			package = 051B6DA22B667CEC0067120E /* XCRemoteSwiftPackageReference "firebase-ios-sdk" */;
			productName = FirebaseMLModelDownloader;
		};
		05BBFB112B6BBCAA00B50D2E /* FirebaseMessaging */ = {
			isa = XCSwiftPackageProductDependency;
			package = 051B6DA22B667CEC0067120E /* XCRemoteSwiftPackageReference "firebase-ios-sdk" */;
			productName = FirebaseMessaging;
		};
		05BBFB132B6BBCAA00B50D2E /* FirebasePerformance */ = {
			isa = XCSwiftPackageProductDependency;
			package = 051B6DA22B667CEC0067120E /* XCRemoteSwiftPackageReference "firebase-ios-sdk" */;
			productName = FirebasePerformance;
		};
		05BBFB152B6BBCAA00B50D2E /* FirebaseRemoteConfig */ = {
			isa = XCSwiftPackageProductDependency;
			package = 051B6DA22B667CEC0067120E /* XCRemoteSwiftPackageReference "firebase-ios-sdk" */;
			productName = FirebaseRemoteConfig;
		};
		05BBFB172B6BBCAA00B50D2E /* FirebaseRemoteConfigSwift */ = {
			isa = XCSwiftPackageProductDependency;
			package = 051B6DA22B667CEC0067120E /* XCRemoteSwiftPackageReference "firebase-ios-sdk" */;
			productName = FirebaseRemoteConfigSwift;
		};
		05BBFB192B6BBCAA00B50D2E /* FirebaseStorage */ = {
			isa = XCSwiftPackageProductDependency;
			package = 051B6DA22B667CEC0067120E /* XCRemoteSwiftPackageReference "firebase-ios-sdk" */;
			productName = FirebaseStorage;
		};
		05BBFB1B2B6BBCAA00B50D2E /* FirebaseStorageCombine-Community */ = {
			isa = XCSwiftPackageProductDependency;
			package = 051B6DA22B667CEC0067120E /* XCRemoteSwiftPackageReference "firebase-ios-sdk" */;
			productName = "FirebaseStorageCombine-Community";
		};
/* End XCSwiftPackageProductDependency section */
	};
	rootObject = 607FACC81AFB9204008FA782 /* Project object */;
}
