// !$*UTF8*$!
{
	archiveVersion = 1;
	classes = {
	};
	objectVersion = 46;
	objects = {

/* Begin PBXBuildFile section */
		3549BB501DA38A2000C63030 /* ApesterKit.h in Headers */ = {isa = PBXBuildFile; fileRef = 3549BB181DA3890B00C63030 /* ApesterKit.h */; settings = {ATTRIBUTES = (Public, ); }; };
		3549BB661DA38ADB00C63030 /* ApesterKit.framework in Frameworks */ = {isa = PBXBuildFile; fileRef = 3549BB211DA389CD00C63030 /* ApesterKit.framework */; };
		361BF13F241EB9770079BFE3 /* APEUnitViewDelegate.swift in Sources */ = {isa = PBXBuildFile; fileRef = 361BF13E241EB9770079BFE3 /* APEUnitViewDelegate.swift */; };
		3697E8672417FAF900B6AC79 /* APEUnitConfiguration.swift in Sources */ = {isa = PBXBuildFile; fileRef = 3697E8652417F86700B6AC79 /* APEUnitConfiguration.swift */; };
		3697E8692418DD2D00B6AC79 /* UnitConfigurationFactory.swift in Sources */ = {isa = PBXBuildFile; fileRef = 3697E8682418DD2D00B6AC79 /* UnitConfigurationFactory.swift */; };
		36B5DC1D2419549B000E46AF /* APEUnitView.swift in Sources */ = {isa = PBXBuildFile; fileRef = 36FC4E55241776BC00A25076 /* APEUnitView.swift */; };
		36B5DC1F241954A1000E46AF /* APEUnitConfiguration.swift in Sources */ = {isa = PBXBuildFile; fileRef = 3697E8652417F86700B6AC79 /* APEUnitConfiguration.swift */; };
		36FC4E5E24178CB800A25076 /* APEUnitView.swift in Sources */ = {isa = PBXBuildFile; fileRef = 36FC4E55241776BC00A25076 /* APEUnitView.swift */; };
		36FC4E6E2417932000A25076 /* APEUnitViewController.swift in Sources */ = {isa = PBXBuildFile; fileRef = 36795E7D2416531A00546AA5 /* APEUnitViewController.swift */; };
		86120824233F74A9006608F1 /* UserAgent.swift in Sources */ = {isa = PBXBuildFile; fileRef = 86120811233F74A9006608F1 /* UserAgent.swift */; };
		8652CB21233BF93B0092E309 /* SynchronizedScript.swift in Sources */ = {isa = PBXBuildFile; fileRef = 8652CB20233BF93B0092E309 /* SynchronizedScript.swift */; };
		8652CB22233C0B140092E309 /* SynchronizedScript.swift in Sources */ = {isa = PBXBuildFile; fileRef = 8652CB20233BF93B0092E309 /* SynchronizedScript.swift */; };
		8652CB23233C0F1D0092E309 /* APEStripStyle.swift in Sources */ = {isa = PBXBuildFile; fileRef = 86B735EC23380D9100949864 /* APEStripStyle.swift */; };
		8658F76A23832E4500C23BDA /* APEStripViewDelegate.swift in Sources */ = {isa = PBXBuildFile; fileRef = 8658F76923832E4500C23BDA /* APEStripViewDelegate.swift */; };
		8658F76C23832F9700C23BDA /* APEEnvironment.swift in Sources */ = {isa = PBXBuildFile; fileRef = 8658F76B23832F9700C23BDA /* APEEnvironment.swift */; };
		8658F76D2383304800C23BDA /* APEEnvironment.swift in Sources */ = {isa = PBXBuildFile; fileRef = 8658F76B23832F9700C23BDA /* APEEnvironment.swift */; };
		8658F76E2383305B00C23BDA /* APEStripViewDelegate.swift in Sources */ = {isa = PBXBuildFile; fileRef = 8658F76923832E4500C23BDA /* APEStripViewDelegate.swift */; };
		8679F3C12423E11F00AA4749 /* APEConfiguration.swift in Sources */ = {isa = PBXBuildFile; fileRef = 8679F3C02423E11F00AA4749 /* APEConfiguration.swift */; };
		8679F3C22423E31900AA4749 /* APEView.swift in Sources */ = {isa = PBXBuildFile; fileRef = 8679F3BE2423E07300AA4749 /* APEView.swift */; };
		8679F3C62423EE7D00AA4749 /* APEViewNavigationType.swift in Sources */ = {isa = PBXBuildFile; fileRef = 8679F3C32423E36100AA4749 /* APEViewNavigationType.swift */; };
		8679F3C9242402BF00AA4749 /* APEViewService.swift in Sources */ = {isa = PBXBuildFile; fileRef = 8679F3C8242402BF00AA4749 /* APEViewService.swift */; };
		8679F3CB24241C3700AA4749 /* APEMultipleUnitsViewController.swift in Sources */ = {isa = PBXBuildFile; fileRef = 8679F3CA24241C3700AA4749 /* APEMultipleUnitsViewController.swift */; };
		867D559B23E4A0D600190D64 /* APEStripViewService.swift in Sources */ = {isa = PBXBuildFile; fileRef = 867D559A23E4A0D600190D64 /* APEStripViewService.swift */; };
		867D559D23E4A0DC00190D64 /* APEStripViewService.swift in Sources */ = {isa = PBXBuildFile; fileRef = 867D559A23E4A0D600190D64 /* APEStripViewService.swift */; };
		86AC3115240BA788003F4753 /* StripConfigurationsFactory.swift in Sources */ = {isa = PBXBuildFile; fileRef = 86AC3114240BA788003F4753 /* StripConfigurationsFactory.swift */; };
		86AFA1BB232BE99F00E1720A /* APESingleStripViewController.m in Sources */ = {isa = PBXBuildFile; fileRef = 86AFA1BA232BE99F00E1720A /* APESingleStripViewController.m */; };
		86AFA1F0232C052500E1720A /* APEStripView.swift in Sources */ = {isa = PBXBuildFile; fileRef = BB0BE33D2223169400542E3C /* APEStripView.swift */; };
		86AFA1F1232C052700E1720A /* APEStripConfiguration.swift in Sources */ = {isa = PBXBuildFile; fileRef = BB44109E22D53D2F00BB1DEC /* APEStripConfiguration.swift */; };
		86AFA1F3232C057900E1720A /* ScriptMessageHandler.swift in Sources */ = {isa = PBXBuildFile; fileRef = BB44109122D53AAB00BB1DEC /* ScriptMessageHandler.swift */; };
		86AFA1F5232C057900E1720A /* MessagesDispatcher.swift in Sources */ = {isa = PBXBuildFile; fileRef = BB44109922D53B9500BB1DEC /* MessagesDispatcher.swift */; };
		86AFA1F6232C057E00E1720A /* Extensions.swift in Sources */ = {isa = PBXBuildFile; fileRef = BB44109C22D53BF300BB1DEC /* Extensions.swift */; };
		86B2AA6D23830D40000F171D /* APEStripViewTests.swift in Sources */ = {isa = PBXBuildFile; fileRef = 86B2AA6C23830D40000F171D /* APEStripViewTests.swift */; };
		86B735ED23380D9100949864 /* APEStripStyle.swift in Sources */ = {isa = PBXBuildFile; fileRef = 86B735EC23380D9100949864 /* APEStripStyle.swift */; };
		86B73602233871CF00949864 /* APECollectionViewCell.swift in Sources */ = {isa = PBXBuildFile; fileRef = 86B73601233871CF00949864 /* APECollectionViewCell.swift */; };
		86EAFF2D233E9D1000081AAB /* BundleInfo.swift in Sources */ = {isa = PBXBuildFile; fileRef = 86EAFF2C233E9D1000081AAB /* BundleInfo.swift */; };
		BB0BE33E2223169400542E3C /* APEStripView.swift in Sources */ = {isa = PBXBuildFile; fileRef = BB0BE33D2223169400542E3C /* APEStripView.swift */; };
		BB44109222D53AAB00BB1DEC /* ScriptMessageHandler.swift in Sources */ = {isa = PBXBuildFile; fileRef = BB44109122D53AAB00BB1DEC /* ScriptMessageHandler.swift */; };
		BB44109A22D53B9500BB1DEC /* MessagesDispatcher.swift in Sources */ = {isa = PBXBuildFile; fileRef = BB44109922D53B9500BB1DEC /* MessagesDispatcher.swift */; };
		BB44109D22D53BF300BB1DEC /* Extensions.swift in Sources */ = {isa = PBXBuildFile; fileRef = BB44109C22D53BF300BB1DEC /* Extensions.swift */; };
		BB44109F22D53D2F00BB1DEC /* APEStripConfiguration.swift in Sources */ = {isa = PBXBuildFile; fileRef = BB44109E22D53D2F00BB1DEC /* APEStripConfiguration.swift */; };
		BB532AB5235AEDCF00F326D3 /* BundleInfo.swift in Sources */ = {isa = PBXBuildFile; fileRef = 86EAFF2C233E9D1000081AAB /* BundleInfo.swift */; };
		BB532AB6235AEDFD00F326D3 /* UserAgent.swift in Sources */ = {isa = PBXBuildFile; fileRef = 86120811233F74A9006608F1 /* UserAgent.swift */; };
		BB9700E02223EF270072E1F8 /* Readme.md in Resources */ = {isa = PBXBuildFile; fileRef = BB9700CD2223EF270072E1F8 /* Readme.md */; };
		BB9709AB222322E000E1076B /* Constants.swift in Sources */ = {isa = PBXBuildFile; fileRef = BB9709AA222322E000E1076B /* Constants.swift */; };
		BB97263A2229BA54008C7440 /* ApesterKit.podspec in Resources */ = {isa = PBXBuildFile; fileRef = BB9726272229BA54008C7440 /* ApesterKit.podspec */; };
		BBC96DA8222781F400EA7E6B /* AppDelegate.swift in Sources */ = {isa = PBXBuildFile; fileRef = BBC96DA7222781F400EA7E6B /* AppDelegate.swift */; };
		BBC96DB2222781F500EA7E6B /* LaunchScreen.storyboard in Resources */ = {isa = PBXBuildFile; fileRef = BBC96DB0222781F500EA7E6B /* LaunchScreen.storyboard */; };
		BBC96DCB2227843100EA7E6B /* Main.storyboard in Resources */ = {isa = PBXBuildFile; fileRef = BB3DD3781FDF47E70094A773 /* Main.storyboard */; };
		BBC96DCC2227843400EA7E6B /* Assets.xcassets in Resources */ = {isa = PBXBuildFile; fileRef = BB14A6BA1F1F58F6003E393D /* Assets.xcassets */; };
		BBC96DD22227844F00EA7E6B /* APEMultipleStripsViewController.swift in Sources */ = {isa = PBXBuildFile; fileRef = BB9709BE22232BED00E1076B /* APEMultipleStripsViewController.swift */; };
		BBC96DD62227847F00EA7E6B /* ApesterKit.framework in Frameworks */ = {isa = PBXBuildFile; fileRef = 3549BB211DA389CD00C63030 /* ApesterKit.framework */; };
		BBC96DD72227847F00EA7E6B /* ApesterKit.framework in Embed Frameworks */ = {isa = PBXBuildFile; fileRef = 3549BB211DA389CD00C63030 /* ApesterKit.framework */; settings = {ATTRIBUTES = (CodeSignOnCopy, RemoveHeadersOnCopy, ); }; };
		BBC96DE1222785F400EA7E6B /* Constants.swift in Sources */ = {isa = PBXBuildFile; fileRef = BB9709AA222322E000E1076B /* Constants.swift */; };
/* End PBXBuildFile section */

/* Begin PBXContainerItemProxy section */
		3549BB671DA38ADB00C63030 /* PBXContainerItemProxy */ = {
			isa = PBXContainerItemProxy;
			containerPortal = 3549BAFC1DA387DB00C63030 /* Project object */;
			proxyType = 1;
			remoteGlobalIDString = 3549BB201DA389CD00C63030;
			remoteInfo = "ApesterKit-iOS";
		};
		BBC96DD82227847F00EA7E6B /* PBXContainerItemProxy */ = {
			isa = PBXContainerItemProxy;
			containerPortal = 3549BAFC1DA387DB00C63030 /* Project object */;
			proxyType = 1;
			remoteGlobalIDString = 3549BB201DA389CD00C63030;
			remoteInfo = ApesterKit;
		};
		BBC96DDD222785D800EA7E6B /* PBXContainerItemProxy */ = {
			isa = PBXContainerItemProxy;
			containerPortal = 3549BAFC1DA387DB00C63030 /* Project object */;
			proxyType = 1;
			remoteGlobalIDString = BBC96DA4222781F400EA7E6B;
			remoteInfo = Apester;
		};
/* End PBXContainerItemProxy section */

/* Begin PBXCopyFilesBuildPhase section */
		BBC96DDA2227847F00EA7E6B /* Embed Frameworks */ = {
			isa = PBXCopyFilesBuildPhase;
			buildActionMask = 2147483647;
			dstPath = "";
			dstSubfolderSpec = 10;
			files = (
				BBC96DD72227847F00EA7E6B /* ApesterKit.framework in Embed Frameworks */,
			);
			name = "Embed Frameworks";
			runOnlyForDeploymentPostprocessing = 0;
		};
/* End PBXCopyFilesBuildPhase section */

/* Begin PBXFileReference section */
		3549BB181DA3890B00C63030 /* ApesterKit.h */ = {isa = PBXFileReference; fileEncoding = 4; lastKnownFileType = sourcecode.c.h; path = ApesterKit.h; sourceTree = "<group>"; };
		3549BB211DA389CD00C63030 /* ApesterKit.framework */ = {isa = PBXFileReference; explicitFileType = wrapper.framework; includeInIndex = 0; path = ApesterKit.framework; sourceTree = BUILT_PRODUCTS_DIR; };
		3549BB581DA38A8800C63030 /* Info.plist */ = {isa = PBXFileReference; fileEncoding = 4; lastKnownFileType = text.plist.xml; path = Info.plist; sourceTree = "<group>"; };
		3549BB611DA38ADB00C63030 /* ApesterKitTests.xctest */ = {isa = PBXFileReference; explicitFileType = wrapper.cfbundle; includeInIndex = 0; path = ApesterKitTests.xctest; sourceTree = BUILT_PRODUCTS_DIR; };
		361BF13E241EB9770079BFE3 /* APEUnitViewDelegate.swift */ = {isa = PBXFileReference; lastKnownFileType = sourcecode.swift; path = APEUnitViewDelegate.swift; sourceTree = "<group>"; };
		36795E7D2416531A00546AA5 /* APEUnitViewController.swift */ = {isa = PBXFileReference; lastKnownFileType = sourcecode.swift; path = APEUnitViewController.swift; sourceTree = "<group>"; };
		3697E8652417F86700B6AC79 /* APEUnitConfiguration.swift */ = {isa = PBXFileReference; lastKnownFileType = sourcecode.swift; path = APEUnitConfiguration.swift; sourceTree = "<group>"; };
		3697E8682418DD2D00B6AC79 /* UnitConfigurationFactory.swift */ = {isa = PBXFileReference; lastKnownFileType = sourcecode.swift; path = UnitConfigurationFactory.swift; sourceTree = "<group>"; };
		36FC4E55241776BC00A25076 /* APEUnitView.swift */ = {isa = PBXFileReference; lastKnownFileType = sourcecode.swift; path = APEUnitView.swift; sourceTree = "<group>"; };
		86120811233F74A9006608F1 /* UserAgent.swift */ = {isa = PBXFileReference; fileEncoding = 4; lastKnownFileType = sourcecode.swift; path = UserAgent.swift; sourceTree = "<group>"; };
		8652CB20233BF93B0092E309 /* SynchronizedScript.swift */ = {isa = PBXFileReference; lastKnownFileType = sourcecode.swift; path = SynchronizedScript.swift; sourceTree = "<group>"; };
		8658F76923832E4500C23BDA /* APEStripViewDelegate.swift */ = {isa = PBXFileReference; lastKnownFileType = sourcecode.swift; path = APEStripViewDelegate.swift; sourceTree = "<group>"; };
		8658F76B23832F9700C23BDA /* APEEnvironment.swift */ = {isa = PBXFileReference; lastKnownFileType = sourcecode.swift; path = APEEnvironment.swift; sourceTree = "<group>"; };
		8679F3BE2423E07300AA4749 /* APEView.swift */ = {isa = PBXFileReference; lastKnownFileType = sourcecode.swift; path = APEView.swift; sourceTree = "<group>"; };
		8679F3C02423E11F00AA4749 /* APEConfiguration.swift */ = {isa = PBXFileReference; lastKnownFileType = sourcecode.swift; path = APEConfiguration.swift; sourceTree = "<group>"; };
		8679F3C32423E36100AA4749 /* APEViewNavigationType.swift */ = {isa = PBXFileReference; lastKnownFileType = sourcecode.swift; path = APEViewNavigationType.swift; sourceTree = "<group>"; };
		8679F3C8242402BF00AA4749 /* APEViewService.swift */ = {isa = PBXFileReference; lastKnownFileType = sourcecode.swift; path = APEViewService.swift; sourceTree = "<group>"; };
		8679F3CA24241C3700AA4749 /* APEMultipleUnitsViewController.swift */ = {isa = PBXFileReference; lastKnownFileType = sourcecode.swift; path = APEMultipleUnitsViewController.swift; sourceTree = "<group>"; };
		867D559A23E4A0D600190D64 /* APEStripViewService.swift */ = {isa = PBXFileReference; lastKnownFileType = sourcecode.swift; path = APEStripViewService.swift; sourceTree = "<group>"; };
		86AC3114240BA788003F4753 /* StripConfigurationsFactory.swift */ = {isa = PBXFileReference; lastKnownFileType = sourcecode.swift; path = StripConfigurationsFactory.swift; sourceTree = "<group>"; };
		86AFA1B8232BE99F00E1720A /* Apester-Bridging-Header.h */ = {isa = PBXFileReference; lastKnownFileType = sourcecode.c.h; path = "Apester-Bridging-Header.h"; sourceTree = "<group>"; };
		86AFA1B9232BE99F00E1720A /* APESingleStripViewController.h */ = {isa = PBXFileReference; lastKnownFileType = sourcecode.c.h; path = APESingleStripViewController.h; sourceTree = "<group>"; };
		86AFA1BA232BE99F00E1720A /* APESingleStripViewController.m */ = {isa = PBXFileReference; lastKnownFileType = sourcecode.c.objc; path = APESingleStripViewController.m; sourceTree = "<group>"; };
		86B2AA6C23830D40000F171D /* APEStripViewTests.swift */ = {isa = PBXFileReference; lastKnownFileType = sourcecode.swift; path = APEStripViewTests.swift; sourceTree = "<group>"; };
		86B735EC23380D9100949864 /* APEStripStyle.swift */ = {isa = PBXFileReference; lastKnownFileType = sourcecode.swift; path = APEStripStyle.swift; sourceTree = "<group>"; };
		86B73601233871CF00949864 /* APECollectionViewCell.swift */ = {isa = PBXFileReference; lastKnownFileType = sourcecode.swift; path = APECollectionViewCell.swift; sourceTree = "<group>"; };
		86EAFF2C233E9D1000081AAB /* BundleInfo.swift */ = {isa = PBXFileReference; lastKnownFileType = sourcecode.swift; path = BundleInfo.swift; sourceTree = "<group>"; };
		BB0BE33D2223169400542E3C /* APEStripView.swift */ = {isa = PBXFileReference; lastKnownFileType = sourcecode.swift; path = APEStripView.swift; sourceTree = "<group>"; };
		BB14A6BA1F1F58F6003E393D /* Assets.xcassets */ = {isa = PBXFileReference; lastKnownFileType = folder.assetcatalog; path = Assets.xcassets; sourceTree = "<group>"; };
		BB3DD3781FDF47E70094A773 /* Main.storyboard */ = {isa = PBXFileReference; fileEncoding = 4; lastKnownFileType = file.storyboard; path = Main.storyboard; sourceTree = "<group>"; };
		BB44109122D53AAB00BB1DEC /* ScriptMessageHandler.swift */ = {isa = PBXFileReference; fileEncoding = 4; lastKnownFileType = sourcecode.swift; path = ScriptMessageHandler.swift; sourceTree = "<group>"; };
		BB44109922D53B9500BB1DEC /* MessagesDispatcher.swift */ = {isa = PBXFileReference; lastKnownFileType = sourcecode.swift; path = MessagesDispatcher.swift; sourceTree = "<group>"; };
		BB44109C22D53BF300BB1DEC /* Extensions.swift */ = {isa = PBXFileReference; lastKnownFileType = sourcecode.swift; path = Extensions.swift; sourceTree = "<group>"; };
		BB44109E22D53D2F00BB1DEC /* APEStripConfiguration.swift */ = {isa = PBXFileReference; lastKnownFileType = sourcecode.swift; path = APEStripConfiguration.swift; sourceTree = "<group>"; };
		BB9700CD2223EF270072E1F8 /* Readme.md */ = {isa = PBXFileReference; fileEncoding = 4; lastKnownFileType = net.daringfireball.markdown; name = Readme.md; path = ../Readme.md; sourceTree = "<group>"; };
		BB9700E12223EFEA0072E1F8 /* Info.plist */ = {isa = PBXFileReference; lastKnownFileType = text.plist.xml; path = Info.plist; sourceTree = "<group>"; };
		BB9709AA222322E000E1076B /* Constants.swift */ = {isa = PBXFileReference; lastKnownFileType = sourcecode.swift; path = Constants.swift; sourceTree = "<group>"; };
		BB9709BE22232BED00E1076B /* APEMultipleStripsViewController.swift */ = {isa = PBXFileReference; lastKnownFileType = sourcecode.swift; path = APEMultipleStripsViewController.swift; sourceTree = "<group>"; };
		BB9726272229BA54008C7440 /* ApesterKit.podspec */ = {isa = PBXFileReference; fileEncoding = 4; lastKnownFileType = text; path = ApesterKit.podspec; sourceTree = SOURCE_ROOT; };
		BBC96DA5222781F400EA7E6B /* Apester.app */ = {isa = PBXFileReference; explicitFileType = wrapper.application; includeInIndex = 0; path = Apester.app; sourceTree = BUILT_PRODUCTS_DIR; };
		BBC96DA7222781F400EA7E6B /* AppDelegate.swift */ = {isa = PBXFileReference; lastKnownFileType = sourcecode.swift; path = AppDelegate.swift; sourceTree = "<group>"; };
		BBC96DB1222781F500EA7E6B /* Base */ = {isa = PBXFileReference; lastKnownFileType = file.storyboard; name = Base; path = Base.lproj/LaunchScreen.storyboard; sourceTree = "<group>"; };
		BBC96DB3222781F500EA7E6B /* Info.plist */ = {isa = PBXFileReference; lastKnownFileType = text.plist.xml; path = Info.plist; sourceTree = "<group>"; };
/* End PBXFileReference section */

/* Begin PBXFrameworksBuildPhase section */
		3549BB1D1DA389CD00C63030 /* Frameworks */ = {
			isa = PBXFrameworksBuildPhase;
			buildActionMask = 2147483647;
			files = (
			);
			runOnlyForDeploymentPostprocessing = 0;
		};
		3549BB5E1DA38ADB00C63030 /* Frameworks */ = {
			isa = PBXFrameworksBuildPhase;
			buildActionMask = 2147483647;
			files = (
				3549BB661DA38ADB00C63030 /* ApesterKit.framework in Frameworks */,
			);
			runOnlyForDeploymentPostprocessing = 0;
		};
		BBC96DA2222781F400EA7E6B /* Frameworks */ = {
			isa = PBXFrameworksBuildPhase;
			buildActionMask = 2147483647;
			files = (
				BBC96DD62227847F00EA7E6B /* ApesterKit.framework in Frameworks */,
			);
			runOnlyForDeploymentPostprocessing = 0;
		};
/* End PBXFrameworksBuildPhase section */

/* Begin PBXGroup section */
		3549BAFB1DA387DB00C63030 = {
			isa = PBXGroup;
			children = (
				BB9726272229BA54008C7440 /* ApesterKit.podspec */,
				3549BB161DA3890B00C63030 /* Sources */,
				3549BB191DA3890B00C63030 /* Tests */,
				BBC96DA6222781F400EA7E6B /* Apester */,
				3549BB061DA387DB00C63030 /* Products */,
				357D954B1DA3F2B400AEC55F /* Frameworks */,
			);
			sourceTree = "<group>";
		};
		3549BB061DA387DB00C63030 /* Products */ = {
			isa = PBXGroup;
			children = (
				3549BB211DA389CD00C63030 /* ApesterKit.framework */,
				3549BB611DA38ADB00C63030 /* ApesterKitTests.xctest */,
				BBC96DA5222781F400EA7E6B /* Apester.app */,
			);
			name = Products;
			sourceTree = "<group>";
		};
		3549BB161DA3890B00C63030 /* Sources */ = {
			isa = PBXGroup;
			children = (
				3549BB5C1DA38AA500C63030 /* Core */,
				3549BB541DA38A4000C63030 /* Supporting Files */,
			);
			path = Sources;
			sourceTree = "<group>";
		};
		3549BB191DA3890B00C63030 /* Tests */ = {
			isa = PBXGroup;
			children = (
				86B2AA6C23830D40000F171D /* APEStripViewTests.swift */,
				3549BB5B1DA38A8C00C63030 /* Supporting Files */,
			);
			path = Tests;
			sourceTree = "<group>";
		};
		3549BB541DA38A4000C63030 /* Supporting Files */ = {
			isa = PBXGroup;
			children = (
				3549BB181DA3890B00C63030 /* ApesterKit.h */,
				BB9700E12223EFEA0072E1F8 /* Info.plist */,
				BB9700CD2223EF270072E1F8 /* Readme.md */,
			);
			name = "Supporting Files";
			sourceTree = "<group>";
		};
		3549BB5B1DA38A8C00C63030 /* Supporting Files */ = {
			isa = PBXGroup;
			children = (
				3549BB581DA38A8800C63030 /* Info.plist */,
			);
			name = "Supporting Files";
			sourceTree = "<group>";
		};
		3549BB5C1DA38AA500C63030 /* Core */ = {
			isa = PBXGroup;
			children = (
				8679F3BD2423E00C00AA4749 /* Common */,
				BB44109022D53AAB00BB1DEC /* FastStrip */,
				BB44109422D53B2C00BB1DEC /* EmbededUnit */,
				BB44109B22D53BE500BB1DEC /* Helpers */,
			);
			name = Core;
			sourceTree = "<group>";
		};
		357D954B1DA3F2B400AEC55F /* Frameworks */ = {
			isa = PBXGroup;
			children = (
			);
			name = Frameworks;
			sourceTree = "<group>";
		};
		36795E7A241652CF00546AA5 /* Unit */ = {
			isa = PBXGroup;
			children = (
				36795E7D2416531A00546AA5 /* APEUnitViewController.swift */,
				8679F3CA24241C3700AA4749 /* APEMultipleUnitsViewController.swift */,
				3697E8682418DD2D00B6AC79 /* UnitConfigurationFactory.swift */,
			);
			path = Unit;
			sourceTree = "<group>";
		};
		8679F3BD2423E00C00AA4749 /* Common */ = {
			isa = PBXGroup;
			children = (
				8679F3C32423E36100AA4749 /* APEViewNavigationType.swift */,
				8658F76B23832F9700C23BDA /* APEEnvironment.swift */,
				8679F3C02423E11F00AA4749 /* APEConfiguration.swift */,
				8679F3BE2423E07300AA4749 /* APEView.swift */,
				8679F3C8242402BF00AA4749 /* APEViewService.swift */,
			);
			path = Common;
			sourceTree = "<group>";
		};
		86B73600233871B500949864 /* View */ = {
			isa = PBXGroup;
			children = (
				86B73601233871CF00949864 /* APECollectionViewCell.swift */,
			);
			path = View;
			sourceTree = "<group>";
		};
		BB328DEE1FDFF3EB00A0A159 /* ViewControllers */ = {
			isa = PBXGroup;
			children = (
				36795E7A241652CF00546AA5 /* Unit */,
				BB9709C2222332AE00E1076B /* Strip */,
			);
			path = ViewControllers;
			sourceTree = "<group>";
		};
		BB44109022D53AAB00BB1DEC /* FastStrip */ = {
			isa = PBXGroup;
			children = (
				86B735EC23380D9100949864 /* APEStripStyle.swift */,
				BB44109E22D53D2F00BB1DEC /* APEStripConfiguration.swift */,
				8658F76923832E4500C23BDA /* APEStripViewDelegate.swift */,
				BB0BE33D2223169400542E3C /* APEStripView.swift */,
				867D559A23E4A0D600190D64 /* APEStripViewService.swift */,
			);
			path = FastStrip;
			sourceTree = "<group>";
		};
		BB44109422D53B2C00BB1DEC /* EmbededUnit */ = {
			isa = PBXGroup;
			children = (
				3697E8652417F86700B6AC79 /* APEUnitConfiguration.swift */,
				361BF13E241EB9770079BFE3 /* APEUnitViewDelegate.swift */,
				36FC4E55241776BC00A25076 /* APEUnitView.swift */,
			);
			path = EmbededUnit;
			sourceTree = "<group>";
		};
		BB44109B22D53BE500BB1DEC /* Helpers */ = {
			isa = PBXGroup;
			children = (
				BB9709AA222322E000E1076B /* Constants.swift */,
				BB44109922D53B9500BB1DEC /* MessagesDispatcher.swift */,
				BB44109122D53AAB00BB1DEC /* ScriptMessageHandler.swift */,
				8652CB20233BF93B0092E309 /* SynchronizedScript.swift */,
				86EAFF2C233E9D1000081AAB /* BundleInfo.swift */,
				86120811233F74A9006608F1 /* UserAgent.swift */,
				BB44109C22D53BF300BB1DEC /* Extensions.swift */,
			);
			path = Helpers;
			sourceTree = "<group>";
		};
		BB9709C2222332AE00E1076B /* Strip */ = {
			isa = PBXGroup;
			children = (
				86AC3114240BA788003F4753 /* StripConfigurationsFactory.swift */,
				86AFA1B9232BE99F00E1720A /* APESingleStripViewController.h */,
				86AFA1BA232BE99F00E1720A /* APESingleStripViewController.m */,
				BB9709BE22232BED00E1076B /* APEMultipleStripsViewController.swift */,
			);
			path = Strip;
			sourceTree = "<group>";
		};
		BBC96DA6222781F400EA7E6B /* Apester */ = {
			isa = PBXGroup;
			children = (
				BBC96DA7222781F400EA7E6B /* AppDelegate.swift */,
				86B73600233871B500949864 /* View */,
				BB328DEE1FDFF3EB00A0A159 /* ViewControllers */,
				BB3DD3781FDF47E70094A773 /* Main.storyboard */,
				BB14A6BA1F1F58F6003E393D /* Assets.xcassets */,
				BBC96DB0222781F500EA7E6B /* LaunchScreen.storyboard */,
				86AFA1B8232BE99F00E1720A /* Apester-Bridging-Header.h */,
				BBC96DB3222781F500EA7E6B /* Info.plist */,
			);
			path = Apester;
			sourceTree = "<group>";
		};
/* End PBXGroup section */

/* Begin PBXHeadersBuildPhase section */
		3549BB1E1DA389CD00C63030 /* Headers */ = {
			isa = PBXHeadersBuildPhase;
			buildActionMask = 2147483647;
			files = (
				3549BB501DA38A2000C63030 /* ApesterKit.h in Headers */,
			);
			runOnlyForDeploymentPostprocessing = 0;
		};
/* End PBXHeadersBuildPhase section */

/* Begin PBXNativeTarget section */
		3549BB201DA389CD00C63030 /* ApesterKit */ = {
			isa = PBXNativeTarget;
			buildConfigurationList = 3549BB261DA389CD00C63030 /* Build configuration list for PBXNativeTarget "ApesterKit" */;
			buildPhases = (
				3549BB1C1DA389CD00C63030 /* Sources */,
				3549BB1D1DA389CD00C63030 /* Frameworks */,
				3549BB1E1DA389CD00C63030 /* Headers */,
				3549BB1F1DA389CD00C63030 /* Resources */,
				BB5DAC5B1F20AD1E00C015E2 /* ShellScript */,
			);
			buildRules = (
			);
			dependencies = (
			);
			name = ApesterKit;
			productName = "ApesterKit-iOS";
			productReference = 3549BB211DA389CD00C63030 /* ApesterKit.framework */;
			productType = "com.apple.product-type.framework";
		};
		3549BB601DA38ADB00C63030 /* ApesterKitTests */ = {
			isa = PBXNativeTarget;
			buildConfigurationList = 3549BB691DA38ADB00C63030 /* Build configuration list for PBXNativeTarget "ApesterKitTests" */;
			buildPhases = (
				3549BB5D1DA38ADB00C63030 /* Sources */,
				3549BB5E1DA38ADB00C63030 /* Frameworks */,
				3549BB5F1DA38ADB00C63030 /* Resources */,
			);
			buildRules = (
			);
			dependencies = (
				3549BB681DA38ADB00C63030 /* PBXTargetDependency */,
				BBC96DDE222785D800EA7E6B /* PBXTargetDependency */,
			);
			name = ApesterKitTests;
			productName = "ApesterKitTests-iOS";
			productReference = 3549BB611DA38ADB00C63030 /* ApesterKitTests.xctest */;
			productType = "com.apple.product-type.bundle.unit-test";
		};
		BBC96DA4222781F400EA7E6B /* Apester */ = {
			isa = PBXNativeTarget;
			buildConfigurationList = BBC96DB4222781F500EA7E6B /* Build configuration list for PBXNativeTarget "Apester" */;
			buildPhases = (
				BBC96DA1222781F400EA7E6B /* Sources */,
				BBC96DA2222781F400EA7E6B /* Frameworks */,
				BBC96DA3222781F400EA7E6B /* Resources */,
				BBC96DDA2227847F00EA7E6B /* Embed Frameworks */,
			);
			buildRules = (
			);
			dependencies = (
				BBC96DD92227847F00EA7E6B /* PBXTargetDependency */,
			);
			name = Apester;
			productName = Apester;
			productReference = BBC96DA5222781F400EA7E6B /* Apester.app */;
			productType = "com.apple.product-type.application";
		};
/* End PBXNativeTarget section */

/* Begin PBXProject section */
		3549BAFC1DA387DB00C63030 /* Project object */ = {
			isa = PBXProject;
			attributes = {
				LastSwiftUpdateCheck = 1010;
				LastUpgradeCheck = 1120;
				ORGANIZATIONNAME = Apester;
				TargetAttributes = {
					3549BB201DA389CD00C63030 = {
						CreatedOnToolsVersion = 8.0;
						LastSwiftMigration = "";
						ProvisioningStyle = Manual;
					};
					3549BB601DA38ADB00C63030 = {
						CreatedOnToolsVersion = 8.0;
						LastSwiftMigration = 1020;
						ProvisioningStyle = Manual;
					};
					BBC96DA4222781F400EA7E6B = {
						CreatedOnToolsVersion = 10.1;
						LastSwiftMigration = 1030;
						ProvisioningStyle = Manual;
					};
				};
			};
			buildConfigurationList = 3549BAFF1DA387DB00C63030 /* Build configuration list for PBXProject "ApesterKit" */;
			compatibilityVersion = "Xcode 3.2";
			developmentRegion = en;
			hasScannedForEncodings = 0;
			knownRegions = (
				en,
				Base,
			);
			mainGroup = 3549BAFB1DA387DB00C63030;
			productRefGroup = 3549BB061DA387DB00C63030 /* Products */;
			projectDirPath = "";
			projectRoot = "";
			targets = (
				3549BB201DA389CD00C63030 /* ApesterKit */,
				3549BB601DA38ADB00C63030 /* ApesterKitTests */,
				BBC96DA4222781F400EA7E6B /* Apester */,
			);
		};
/* End PBXProject section */

/* Begin PBXResourcesBuildPhase section */
		3549BB1F1DA389CD00C63030 /* Resources */ = {
			isa = PBXResourcesBuildPhase;
			buildActionMask = 2147483647;
			files = (
				BB97263A2229BA54008C7440 /* ApesterKit.podspec in Resources */,
				BB9700E02223EF270072E1F8 /* Readme.md in Resources */,
			);
			runOnlyForDeploymentPostprocessing = 0;
		};
		3549BB5F1DA38ADB00C63030 /* Resources */ = {
			isa = PBXResourcesBuildPhase;
			buildActionMask = 2147483647;
			files = (
			);
			runOnlyForDeploymentPostprocessing = 0;
		};
		BBC96DA3222781F400EA7E6B /* Resources */ = {
			isa = PBXResourcesBuildPhase;
			buildActionMask = 2147483647;
			files = (
				BBC96DB2222781F500EA7E6B /* LaunchScreen.storyboard in Resources */,
				BBC96DCC2227843400EA7E6B /* Assets.xcassets in Resources */,
				BBC96DCB2227843100EA7E6B /* Main.storyboard in Resources */,
			);
			runOnlyForDeploymentPostprocessing = 0;
		};
/* End PBXResourcesBuildPhase section */

/* Begin PBXShellScriptBuildPhase section */
		BB5DAC5B1F20AD1E00C015E2 /* ShellScript */ = {
			isa = PBXShellScriptBuildPhase;
			buildActionMask = 2147483647;
			files = (
			);
			inputPaths = (
			);
			outputPaths = (
			);
			runOnlyForDeploymentPostprocessing = 0;
			shellPath = /bin/sh;
			shellScript = "# if which swiftlint >/dev/null; then\n# swiftlint\n# else\n#    echo \"warning: SwiftLint not installed, download from https://github.com/realm/SwiftLint\"\n# fi\n";
		};
/* End PBXShellScriptBuildPhase section */

/* Begin PBXSourcesBuildPhase section */
		3549BB1C1DA389CD00C63030 /* Sources */ = {
			isa = PBXSourcesBuildPhase;
			buildActionMask = 2147483647;
			files = (
				BB44109A22D53B9500BB1DEC /* MessagesDispatcher.swift in Sources */,
				8652CB21233BF93B0092E309 /* SynchronizedScript.swift in Sources */,
				8658F76A23832E4500C23BDA /* APEStripViewDelegate.swift in Sources */,
				86B735ED23380D9100949864 /* APEStripStyle.swift in Sources */,
				8679F3C9242402BF00AA4749 /* APEViewService.swift in Sources */,
				86120824233F74A9006608F1 /* UserAgent.swift in Sources */,
				8679F3C62423EE7D00AA4749 /* APEViewNavigationType.swift in Sources */,
				8679F3C22423E31900AA4749 /* APEView.swift in Sources */,
				BB44109D22D53BF300BB1DEC /* Extensions.swift in Sources */,
				8679F3C12423E11F00AA4749 /* APEConfiguration.swift in Sources */,
				8658F76C23832F9700C23BDA /* APEEnvironment.swift in Sources */,
				361BF13F241EB9770079BFE3 /* APEUnitViewDelegate.swift in Sources */,
				867D559B23E4A0D600190D64 /* APEStripViewService.swift in Sources */,
				BB44109F22D53D2F00BB1DEC /* APEStripConfiguration.swift in Sources */,
				BB9709AB222322E000E1076B /* Constants.swift in Sources */,
				36B5DC1F241954A1000E46AF /* APEUnitConfiguration.swift in Sources */,
				86EAFF2D233E9D1000081AAB /* BundleInfo.swift in Sources */,
				36B5DC1D2419549B000E46AF /* APEUnitView.swift in Sources */,
				BB44109222D53AAB00BB1DEC /* ScriptMessageHandler.swift in Sources */,
				BB0BE33E2223169400542E3C /* APEStripView.swift in Sources */,
			);
			runOnlyForDeploymentPostprocessing = 0;
		};
		3549BB5D1DA38ADB00C63030 /* Sources */ = {
			isa = PBXSourcesBuildPhase;
			buildActionMask = 2147483647;
			files = (
				86B2AA6D23830D40000F171D /* APEStripViewTests.swift in Sources */,
				8652CB22233C0B140092E309 /* SynchronizedScript.swift in Sources */,
				8658F76E2383305B00C23BDA /* APEStripViewDelegate.swift in Sources */,
				86AFA1F6232C057E00E1720A /* Extensions.swift in Sources */,
				86AFA1F0232C052500E1720A /* APEStripView.swift in Sources */,
				BBC96DE1222785F400EA7E6B /* Constants.swift in Sources */,
				86AFA1F5232C057900E1720A /* MessagesDispatcher.swift in Sources */,
				36FC4E5E24178CB800A25076 /* APEUnitView.swift in Sources */,
				8658F76D2383304800C23BDA /* APEEnvironment.swift in Sources */,
				86AFA1F1232C052700E1720A /* APEStripConfiguration.swift in Sources */,
				3697E8672417FAF900B6AC79 /* APEUnitConfiguration.swift in Sources */,
				8652CB23233C0F1D0092E309 /* APEStripStyle.swift in Sources */,
				867D559D23E4A0DC00190D64 /* APEStripViewService.swift in Sources */,
				BB532AB6235AEDFD00F326D3 /* UserAgent.swift in Sources */,
				BB532AB5235AEDCF00F326D3 /* BundleInfo.swift in Sources */,
				86AFA1F3232C057900E1720A /* ScriptMessageHandler.swift in Sources */,
			);
			runOnlyForDeploymentPostprocessing = 0;
		};
		BBC96DA1222781F400EA7E6B /* Sources */ = {
			isa = PBXSourcesBuildPhase;
			buildActionMask = 2147483647;
			files = (
				86B73602233871CF00949864 /* APECollectionViewCell.swift in Sources */,
				BBC96DD22227844F00EA7E6B /* APEMultipleStripsViewController.swift in Sources */,
				3697E8692418DD2D00B6AC79 /* UnitConfigurationFactory.swift in Sources */,
				8679F3CB24241C3700AA4749 /* APEMultipleUnitsViewController.swift in Sources */,
				86AC3115240BA788003F4753 /* StripConfigurationsFactory.swift in Sources */,
				36FC4E6E2417932000A25076 /* APEUnitViewController.swift in Sources */,
				BBC96DA8222781F400EA7E6B /* AppDelegate.swift in Sources */,
				86AFA1BB232BE99F00E1720A /* APESingleStripViewController.m in Sources */,
			);
			runOnlyForDeploymentPostprocessing = 0;
		};
/* End PBXSourcesBuildPhase section */

/* Begin PBXTargetDependency section */
		3549BB681DA38ADB00C63030 /* PBXTargetDependency */ = {
			isa = PBXTargetDependency;
			target = 3549BB201DA389CD00C63030 /* ApesterKit */;
			targetProxy = 3549BB671DA38ADB00C63030 /* PBXContainerItemProxy */;
		};
		BBC96DD92227847F00EA7E6B /* PBXTargetDependency */ = {
			isa = PBXTargetDependency;
			target = 3549BB201DA389CD00C63030 /* ApesterKit */;
			targetProxy = BBC96DD82227847F00EA7E6B /* PBXContainerItemProxy */;
		};
		BBC96DDE222785D800EA7E6B /* PBXTargetDependency */ = {
			isa = PBXTargetDependency;
			target = BBC96DA4222781F400EA7E6B /* Apester */;
			targetProxy = BBC96DDD222785D800EA7E6B /* PBXContainerItemProxy */;
		};
/* End PBXTargetDependency section */

/* Begin PBXVariantGroup section */
		BBC96DB0222781F500EA7E6B /* LaunchScreen.storyboard */ = {
			isa = PBXVariantGroup;
			children = (
				BBC96DB1222781F500EA7E6B /* Base */,
			);
			name = LaunchScreen.storyboard;
			sourceTree = "<group>";
		};
/* End PBXVariantGroup section */

/* Begin XCBuildConfiguration section */
		3549BB0B1DA387DB00C63030 /* Debug */ = {
			isa = XCBuildConfiguration;
			buildSettings = {
				ALWAYS_SEARCH_USER_PATHS = NO;
				CLANG_ANALYZER_NONNULL = YES;
				CLANG_CXX_LANGUAGE_STANDARD = "gnu++0x";
				CLANG_CXX_LIBRARY = "libc++";
				CLANG_ENABLE_MODULES = YES;
				CLANG_ENABLE_OBJC_ARC = YES;
				CLANG_WARN_BLOCK_CAPTURE_AUTORELEASING = YES;
				CLANG_WARN_BOOL_CONVERSION = YES;
				CLANG_WARN_COMMA = YES;
				CLANG_WARN_CONSTANT_CONVERSION = YES;
				CLANG_WARN_DEPRECATED_OBJC_IMPLEMENTATIONS = YES;
				CLANG_WARN_DIRECT_OBJC_ISA_USAGE = YES_ERROR;
				CLANG_WARN_DOCUMENTATION_COMMENTS = YES;
				CLANG_WARN_EMPTY_BODY = YES;
				CLANG_WARN_ENUM_CONVERSION = YES;
				CLANG_WARN_INFINITE_RECURSION = YES;
				CLANG_WARN_INT_CONVERSION = YES;
				CLANG_WARN_NON_LITERAL_NULL_CONVERSION = YES;
				CLANG_WARN_OBJC_IMPLICIT_RETAIN_SELF = YES;
				CLANG_WARN_OBJC_LITERAL_CONVERSION = YES;
				CLANG_WARN_OBJC_ROOT_CLASS = YES_ERROR;
				CLANG_WARN_RANGE_LOOP_ANALYSIS = YES;
				CLANG_WARN_STRICT_PROTOTYPES = YES;
				CLANG_WARN_SUSPICIOUS_MOVE = YES;
				CLANG_WARN_SUSPICIOUS_MOVES = YES;
				CLANG_WARN_UNREACHABLE_CODE = YES;
				CLANG_WARN__DUPLICATE_METHOD_MATCH = YES;
				"CODE_SIGN_IDENTITY[sdk=iphoneos*]" = "iPhone Developer";
				COPY_PHASE_STRIP = NO;
				CURRENT_PROJECT_VERSION = 1;
				DEBUG_INFORMATION_FORMAT = dwarf;
				ENABLE_STRICT_OBJC_MSGSEND = YES;
				ENABLE_TESTABILITY = YES;
				GCC_C_LANGUAGE_STANDARD = gnu99;
				GCC_DYNAMIC_NO_PIC = NO;
				GCC_NO_COMMON_BLOCKS = YES;
				GCC_OPTIMIZATION_LEVEL = 0;
				GCC_PREPROCESSOR_DEFINITIONS = (
					"DEBUG=1",
					"$(inherited)",
				);
				GCC_WARN_64_TO_32_BIT_CONVERSION = YES;
				GCC_WARN_ABOUT_RETURN_TYPE = YES_ERROR;
				GCC_WARN_UNDECLARED_SELECTOR = YES;
				GCC_WARN_UNINITIALIZED_AUTOS = YES_AGGRESSIVE;
				GCC_WARN_UNUSED_FUNCTION = YES;
				GCC_WARN_UNUSED_VARIABLE = YES;
				IPHONEOS_DEPLOYMENT_TARGET = 11.0;
				MTL_ENABLE_DEBUG_INFO = YES;
				ONLY_ACTIVE_ARCH = YES;
				SDKROOT = iphoneos;
				SWIFT_ACTIVE_COMPILATION_CONDITIONS = DEBUG;
				SWIFT_OPTIMIZATION_LEVEL = "-Onone";
				TARGETED_DEVICE_FAMILY = "1,2";
				VERSIONING_SYSTEM = "apple-generic";
				VERSION_INFO_PREFIX = "";
			};
			name = Debug;
		};
		3549BB0C1DA387DB00C63030 /* Release */ = {
			isa = XCBuildConfiguration;
			buildSettings = {
				ALWAYS_SEARCH_USER_PATHS = NO;
				CLANG_ANALYZER_NONNULL = YES;
				CLANG_CXX_LANGUAGE_STANDARD = "gnu++0x";
				CLANG_CXX_LIBRARY = "libc++";
				CLANG_ENABLE_MODULES = YES;
				CLANG_ENABLE_OBJC_ARC = YES;
				CLANG_WARN_BLOCK_CAPTURE_AUTORELEASING = YES;
				CLANG_WARN_BOOL_CONVERSION = YES;
				CLANG_WARN_COMMA = YES;
				CLANG_WARN_CONSTANT_CONVERSION = YES;
				CLANG_WARN_DEPRECATED_OBJC_IMPLEMENTATIONS = YES;
				CLANG_WARN_DIRECT_OBJC_ISA_USAGE = YES_ERROR;
				CLANG_WARN_DOCUMENTATION_COMMENTS = YES;
				CLANG_WARN_EMPTY_BODY = YES;
				CLANG_WARN_ENUM_CONVERSION = YES;
				CLANG_WARN_INFINITE_RECURSION = YES;
				CLANG_WARN_INT_CONVERSION = YES;
				CLANG_WARN_NON_LITERAL_NULL_CONVERSION = YES;
				CLANG_WARN_OBJC_IMPLICIT_RETAIN_SELF = YES;
				CLANG_WARN_OBJC_LITERAL_CONVERSION = YES;
				CLANG_WARN_OBJC_ROOT_CLASS = YES_ERROR;
				CLANG_WARN_RANGE_LOOP_ANALYSIS = YES;
				CLANG_WARN_STRICT_PROTOTYPES = YES;
				CLANG_WARN_SUSPICIOUS_MOVE = YES;
				CLANG_WARN_SUSPICIOUS_MOVES = YES;
				CLANG_WARN_UNREACHABLE_CODE = YES;
				CLANG_WARN__DUPLICATE_METHOD_MATCH = YES;
				"CODE_SIGN_IDENTITY[sdk=iphoneos*]" = "iPhone Developer";
				COPY_PHASE_STRIP = NO;
				CURRENT_PROJECT_VERSION = 1;
				DEBUG_INFORMATION_FORMAT = "dwarf-with-dsym";
				ENABLE_NS_ASSERTIONS = NO;
				ENABLE_STRICT_OBJC_MSGSEND = YES;
				GCC_C_LANGUAGE_STANDARD = gnu99;
				GCC_NO_COMMON_BLOCKS = YES;
				GCC_WARN_64_TO_32_BIT_CONVERSION = YES;
				GCC_WARN_ABOUT_RETURN_TYPE = YES_ERROR;
				GCC_WARN_UNDECLARED_SELECTOR = YES;
				GCC_WARN_UNINITIALIZED_AUTOS = YES_AGGRESSIVE;
				GCC_WARN_UNUSED_FUNCTION = YES;
				GCC_WARN_UNUSED_VARIABLE = YES;
				IPHONEOS_DEPLOYMENT_TARGET = 11.0;
				MTL_ENABLE_DEBUG_INFO = NO;
				SDKROOT = iphoneos;
				SWIFT_OPTIMIZATION_LEVEL = "-Owholemodule";
				TARGETED_DEVICE_FAMILY = "1,2";
				VALIDATE_PRODUCT = YES;
				VERSIONING_SYSTEM = "apple-generic";
				VERSION_INFO_PREFIX = "";
			};
			name = Release;
		};
		3549BB271DA389CD00C63030 /* Debug */ = {
			isa = XCBuildConfiguration;
			buildSettings = {
				CLANG_ENABLE_MODULES = YES;
				CODE_SIGN_IDENTITY = "";
				CODE_SIGN_STYLE = Manual;
				CURRENT_PROJECT_VERSION = 1000;
				DEFINES_MODULE = YES;
				DEVELOPMENT_TEAM = "";
				DYLIB_COMPATIBILITY_VERSION = 1;
				DYLIB_CURRENT_VERSION = 1;
				DYLIB_INSTALL_NAME_BASE = "@rpath";
				FRAMEWORK_SEARCH_PATHS = "$(inherited)";
				INFOPLIST_FILE = Sources/Info.plist;
				INSTALL_PATH = "$(LOCAL_LIBRARY_DIR)/Frameworks";
				IPHONEOS_DEPLOYMENT_TARGET = 11.0;
				LD_RUNPATH_SEARCH_PATHS = "$(inherited) @executable_path/Frameworks @loader_path/Frameworks";
				MARKETING_VERSION = 3.0.5;
				OTHER_SWIFT_FLAGS = "-D DEBUG";
				PRODUCT_BUNDLE_IDENTIFIER = com.apester.ApesterKit;
				PRODUCT_NAME = ApesterKit;
				PROVISIONING_PROFILE_SPECIFIER = "";
				"PROVISIONING_PROFILE_SPECIFIER[sdk=macosx*]" = "";
				SKIP_INSTALL = YES;
				SUPPORTS_UIKITFORMAC = NO;
				SWIFT_OPTIMIZATION_LEVEL = "-Onone";
				SWIFT_VERSION = 5.0;
				TARGETED_DEVICE_FAMILY = "1,2";
			};
			name = Debug;
		};
		3549BB281DA389CD00C63030 /* Release */ = {
			isa = XCBuildConfiguration;
			buildSettings = {
				CLANG_ENABLE_MODULES = YES;
				CODE_SIGN_IDENTITY = "";
				CODE_SIGN_STYLE = Manual;
				CURRENT_PROJECT_VERSION = 1000;
				DEFINES_MODULE = YES;
				DEVELOPMENT_TEAM = "";
				DYLIB_COMPATIBILITY_VERSION = 1;
				DYLIB_CURRENT_VERSION = 1;
				DYLIB_INSTALL_NAME_BASE = "@rpath";
				FRAMEWORK_SEARCH_PATHS = "$(inherited)";
				INFOPLIST_FILE = Sources/Info.plist;
				INSTALL_PATH = "$(LOCAL_LIBRARY_DIR)/Frameworks";
				IPHONEOS_DEPLOYMENT_TARGET = 11.0;
				LD_RUNPATH_SEARCH_PATHS = "$(inherited) @executable_path/Frameworks @loader_path/Frameworks";
				MARKETING_VERSION = 3.0.5;
				PRODUCT_BUNDLE_IDENTIFIER = com.apester.ApesterKit;
				PRODUCT_NAME = ApesterKit;
				PROVISIONING_PROFILE_SPECIFIER = "";
				"PROVISIONING_PROFILE_SPECIFIER[sdk=macosx*]" = "";
				SKIP_INSTALL = YES;
				SUPPORTS_UIKITFORMAC = NO;
				SWIFT_VERSION = 5.0;
				TARGETED_DEVICE_FAMILY = "1,2";
			};
			name = Release;
		};
		3549BB6A1DA38ADB00C63030 /* Debug */ = {
			isa = XCBuildConfiguration;
			buildSettings = {
				ALWAYS_EMBED_SWIFT_STANDARD_LIBRARIES = YES;
				CLANG_ENABLE_MODULES = YES;
				CODE_SIGN_STYLE = Manual;
				DEVELOPMENT_TEAM = "";
				FRAMEWORK_SEARCH_PATHS = "$(inherited)";
				INFOPLIST_FILE = Tests/Info.plist;
				LD_RUNPATH_SEARCH_PATHS = "$(inherited) @executable_path/Frameworks @loader_path/Frameworks";
				PRODUCT_BUNDLE_IDENTIFIER = com.apester.ApesterKitTests;
				PRODUCT_NAME = "$(TARGET_NAME)";
				PROVISIONING_PROFILE_SPECIFIER = "";
				"PROVISIONING_PROFILE_SPECIFIER[sdk=macosx*]" = "";
				SWIFT_OPTIMIZATION_LEVEL = "-Onone";
				SWIFT_VERSION = 5.0;
			};
			name = Debug;
		};
		3549BB6B1DA38ADB00C63030 /* Release */ = {
			isa = XCBuildConfiguration;
			buildSettings = {
				ALWAYS_EMBED_SWIFT_STANDARD_LIBRARIES = YES;
				CLANG_ENABLE_MODULES = YES;
				CODE_SIGN_STYLE = Manual;
				DEVELOPMENT_TEAM = "";
				FRAMEWORK_SEARCH_PATHS = "$(inherited)";
				INFOPLIST_FILE = Tests/Info.plist;
				LD_RUNPATH_SEARCH_PATHS = "$(inherited) @executable_path/Frameworks @loader_path/Frameworks";
				PRODUCT_BUNDLE_IDENTIFIER = com.apester.ApesterKitTests;
				PRODUCT_NAME = "$(TARGET_NAME)";
				PROVISIONING_PROFILE_SPECIFIER = "";
				"PROVISIONING_PROFILE_SPECIFIER[sdk=macosx*]" = "";
				SWIFT_VERSION = 5.0;
			};
			name = Release;
		};
		BBC96DB5222781F500EA7E6B /* Debug */ = {
			isa = XCBuildConfiguration;
			buildSettings = {
				ALWAYS_EMBED_SWIFT_STANDARD_LIBRARIES = YES;
				ASSETCATALOG_COMPILER_APPICON_NAME = AppIcon;
				CLANG_ANALYZER_NUMBER_OBJECT_CONVERSION = YES_AGGRESSIVE;
				CLANG_CXX_LANGUAGE_STANDARD = "gnu++14";
				CLANG_ENABLE_MODULES = YES;
				CLANG_ENABLE_OBJC_WEAK = YES;
				CLANG_WARN_BLOCK_CAPTURE_AUTORELEASING = YES;
				CLANG_WARN_COMMA = YES;
				CLANG_WARN_DEPRECATED_OBJC_IMPLEMENTATIONS = YES;
				CLANG_WARN_NON_LITERAL_NULL_CONVERSION = YES;
				CLANG_WARN_OBJC_IMPLICIT_RETAIN_SELF = YES;
				CLANG_WARN_OBJC_LITERAL_CONVERSION = YES;
				CLANG_WARN_RANGE_LOOP_ANALYSIS = YES;
				CLANG_WARN_STRICT_PROTOTYPES = YES;
				CLANG_WARN_UNGUARDED_AVAILABILITY = YES_AGGRESSIVE;
				CODE_SIGN_IDENTITY = "Apple Development";
				CODE_SIGN_STYLE = Manual;
				CURRENT_PROJECT_VERSION = 1000;
				DEVELOPMENT_TEAM = "";
				FRAMEWORK_SEARCH_PATHS = "$(inherited)";
				GCC_C_LANGUAGE_STANDARD = gnu11;
				INFOPLIST_FILE = Apester/Info.plist;
				IPHONEOS_DEPLOYMENT_TARGET = 11.0;
				LD_RUNPATH_SEARCH_PATHS = "$(inherited) @executable_path/Frameworks";
				MARKETING_VERSION = 3.0.5;
				MTL_ENABLE_DEBUG_INFO = INCLUDE_SOURCE;
				MTL_FAST_MATH = YES;
				PRODUCT_BUNDLE_IDENTIFIER = com.hasansa.Apester;
				PRODUCT_NAME = "$(TARGET_NAME)";
				PROVISIONING_PROFILE_SPECIFIER = "";
				SWIFT_OBJC_BRIDGING_HEADER = "Apester/Apester-Bridging-Header.h";
				SWIFT_OPTIMIZATION_LEVEL = "-Onone";
				SWIFT_VERSION = 5.0;
				TARGETED_DEVICE_FAMILY = "1,2";
			};
			name = Debug;
		};
		BBC96DB6222781F500EA7E6B /* Release */ = {
			isa = XCBuildConfiguration;
			buildSettings = {
				ALWAYS_EMBED_SWIFT_STANDARD_LIBRARIES = YES;
				ASSETCATALOG_COMPILER_APPICON_NAME = AppIcon;
				CLANG_ANALYZER_NUMBER_OBJECT_CONVERSION = YES_AGGRESSIVE;
				CLANG_CXX_LANGUAGE_STANDARD = "gnu++14";
				CLANG_ENABLE_MODULES = YES;
				CLANG_ENABLE_OBJC_WEAK = YES;
				CLANG_WARN_BLOCK_CAPTURE_AUTORELEASING = YES;
				CLANG_WARN_COMMA = YES;
				CLANG_WARN_DEPRECATED_OBJC_IMPLEMENTATIONS = YES;
				CLANG_WARN_NON_LITERAL_NULL_CONVERSION = YES;
				CLANG_WARN_OBJC_IMPLICIT_RETAIN_SELF = YES;
				CLANG_WARN_OBJC_LITERAL_CONVERSION = YES;
				CLANG_WARN_RANGE_LOOP_ANALYSIS = YES;
				CLANG_WARN_STRICT_PROTOTYPES = YES;
				CLANG_WARN_UNGUARDED_AVAILABILITY = YES_AGGRESSIVE;
				CODE_SIGN_IDENTITY = "Apple Development";
				CODE_SIGN_STYLE = Manual;
				CURRENT_PROJECT_VERSION = 1000;
				DEVELOPMENT_TEAM = "";
				FRAMEWORK_SEARCH_PATHS = "$(inherited)";
				GCC_C_LANGUAGE_STANDARD = gnu11;
				INFOPLIST_FILE = Apester/Info.plist;
				IPHONEOS_DEPLOYMENT_TARGET = 11.0;
				LD_RUNPATH_SEARCH_PATHS = "$(inherited) @executable_path/Frameworks";
				MARKETING_VERSION = 3.0.5;
				MTL_FAST_MATH = YES;
				PRODUCT_BUNDLE_IDENTIFIER = com.hasansa.Apester;
				PRODUCT_NAME = "$(TARGET_NAME)";
				PROVISIONING_PROFILE_SPECIFIER = "";
				SWIFT_OBJC_BRIDGING_HEADER = "Apester/Apester-Bridging-Header.h";
				SWIFT_VERSION = 5.0;
				TARGETED_DEVICE_FAMILY = "1,2";
			};
			name = Release;
		};
/* End XCBuildConfiguration section */

/* Begin XCConfigurationList section */
		3549BAFF1DA387DB00C63030 /* Build configuration list for PBXProject "ApesterKit" */ = {
			isa = XCConfigurationList;
			buildConfigurations = (
				3549BB0B1DA387DB00C63030 /* Debug */,
				3549BB0C1DA387DB00C63030 /* Release */,
			);
			defaultConfigurationIsVisible = 0;
			defaultConfigurationName = Release;
		};
		3549BB261DA389CD00C63030 /* Build configuration list for PBXNativeTarget "ApesterKit" */ = {
			isa = XCConfigurationList;
			buildConfigurations = (
				3549BB271DA389CD00C63030 /* Debug */,
				3549BB281DA389CD00C63030 /* Release */,
			);
			defaultConfigurationIsVisible = 0;
			defaultConfigurationName = Release;
		};
		3549BB691DA38ADB00C63030 /* Build configuration list for PBXNativeTarget "ApesterKitTests" */ = {
			isa = XCConfigurationList;
			buildConfigurations = (
				3549BB6A1DA38ADB00C63030 /* Debug */,
				3549BB6B1DA38ADB00C63030 /* Release */,
			);
			defaultConfigurationIsVisible = 0;
			defaultConfigurationName = Release;
		};
		BBC96DB4222781F500EA7E6B /* Build configuration list for PBXNativeTarget "Apester" */ = {
			isa = XCConfigurationList;
			buildConfigurations = (
				BBC96DB5222781F500EA7E6B /* Debug */,
				BBC96DB6222781F500EA7E6B /* Release */,
			);
			defaultConfigurationIsVisible = 0;
			defaultConfigurationName = Release;
		};
/* End XCConfigurationList section */
	};
	rootObject = 3549BAFC1DA387DB00C63030 /* Project object */;
}
